// !$*UTF8*$!
{
	archiveVersion = 1;
	classes = {
	};
	objectVersion = 50;
	objects = {

/* Begin PBXBuildFile section */
		162904D42140181300AC151D /* HJDHomeOrderManageViewController.m in Sources */ = {isa = PBXBuildFile; fileRef = 162904D32140181300AC151D /* HJDHomeOrderManageViewController.m */; };
		16908038213EBFD900AA2575 /* HJDOrderListModel.m in Sources */ = {isa = PBXBuildFile; fileRef = 16908037213EBFD800AA2575 /* HJDOrderListModel.m */; };
		1690803C213EC04400AA2575 /* HJDHomeManager.m in Sources */ = {isa = PBXBuildFile; fileRef = 1690803B213EC04400AA2575 /* HJDHomeManager.m */; };
		1690803F213EC64300AA2575 /* HJDHomeSegmentView.m in Sources */ = {isa = PBXBuildFile; fileRef = 1690803E213EC64300AA2575 /* HJDHomeSegmentView.m */; };
		169C078121416ACA00E9CDD0 /* 3.png in Resources */ = {isa = PBXBuildFile; fileRef = 169C078021416AC900E9CDD0 /* 3.png */; };
		169C07842141744900E9CDD0 /* HJDMyInviteCodeView.m in Sources */ = {isa = PBXBuildFile; fileRef = 169C07832141744900E9CDD0 /* HJDMyInviteCodeView.m */; };
		16B6DEA2213987CF00CF8C8D /* 2.png in Resources */ = {isa = PBXBuildFile; fileRef = 16B6DEA1213987CF00CF8C8D /* 2.png */; };
		16B6DEA5213988BB00CF8C8D /* HJDCityPickerView.m in Sources */ = {isa = PBXBuildFile; fileRef = 16B6DEA4213988BB00CF8C8D /* HJDCityPickerView.m */; };
		16C4E19421381BFC004268C4 /* AppDelegate.m in Sources */ = {isa = PBXBuildFile; fileRef = 16C4E19321381BFC004268C4 /* AppDelegate.m */; };
		16C4E19C21381BFD004268C4 /* Assets.xcassets in Resources */ = {isa = PBXBuildFile; fileRef = 16C4E19B21381BFD004268C4 /* Assets.xcassets */; };
		16C4E1A221381BFD004268C4 /* main.m in Sources */ = {isa = PBXBuildFile; fileRef = 16C4E1A121381BFD004268C4 /* main.m */; };
		16C4E1AC21381BFD004268C4 /* HuiJinDaiTests.m in Sources */ = {isa = PBXBuildFile; fileRef = 16C4E1AB21381BFD004268C4 /* HuiJinDaiTests.m */; };
		16C4E1B721381BFE004268C4 /* HuiJinDaiUITests.m in Sources */ = {isa = PBXBuildFile; fileRef = 16C4E1B621381BFE004268C4 /* HuiJinDaiUITests.m */; };
		16C4E1D52138255B004268C4 /* HJDRegisterViewController.m in Sources */ = {isa = PBXBuildFile; fileRef = 16C4E1D42138255B004268C4 /* HJDRegisterViewController.m */; };
		16C4E1D8213826D0004268C4 /* HJDTextFieldView.m in Sources */ = {isa = PBXBuildFile; fileRef = 16C4E1D7213826D0004268C4 /* HJDTextFieldView.m */; };
		16C4F34C2140019100C3F76B /* HJDHomeOrderListSearchView.m in Sources */ = {isa = PBXBuildFile; fileRef = 16C4F34B2140019100C3F76B /* HJDHomeOrderListSearchView.m */; };
		16EDD2BF213AC4A000E21AB2 /* HJDLoginViewController.m in Sources */ = {isa = PBXBuildFile; fileRef = 16EDD2BE213AC4A000E21AB2 /* HJDLoginViewController.m */; };
		16EDD2C4213AD7EC00E21AB2 /* HJDMyViewController.m in Sources */ = {isa = PBXBuildFile; fileRef = 16EDD2C3213AD7EC00E21AB2 /* HJDMyViewController.m */; };
		16EDD2C6213AD9E800E21AB2 /* 4.png in Resources */ = {isa = PBXBuildFile; fileRef = 16EDD2C5213AD9E800E21AB2 /* 4.png */; };
		16EDD2C8213AD9EC00E21AB2 /* 5.png in Resources */ = {isa = PBXBuildFile; fileRef = 16EDD2C7213AD9EC00E21AB2 /* 5.png */; };
		16EDD309213C06DC00E21AB2 /* HJDMyAgentViewController.m in Sources */ = {isa = PBXBuildFile; fileRef = 16EDD303213C06DC00E21AB2 /* HJDMyAgentViewController.m */; };
		16EDD30A213C06DC00E21AB2 /* HJDMySettingViewController.m in Sources */ = {isa = PBXBuildFile; fileRef = 16EDD305213C06DC00E21AB2 /* HJDMySettingViewController.m */; };
		16EDD30C213C06DC00E21AB2 /* HJDMyCustomerManagerViewController.m in Sources */ = {isa = PBXBuildFile; fileRef = 16EDD308213C06DC00E21AB2 /* HJDMyCustomerManagerViewController.m */; };
		16EDD316213C06E600E21AB2 /* HJDMyTableViewCell.m in Sources */ = {isa = PBXBuildFile; fileRef = 16EDD311213C06E600E21AB2 /* HJDMyTableViewCell.m */; };
		16EDD317213C06E600E21AB2 /* HJDMySearchFieldView.m in Sources */ = {isa = PBXBuildFile; fileRef = 16EDD312213C06E600E21AB2 /* HJDMySearchFieldView.m */; };
		16EDD318213C06E600E21AB2 /* HJDMyAgentTableViewCell.m in Sources */ = {isa = PBXBuildFile; fileRef = 16EDD314213C06E600E21AB2 /* HJDMyAgentTableViewCell.m */; };
		16EDD31B213C06EF00E21AB2 /* HJDMyManager.m in Sources */ = {isa = PBXBuildFile; fileRef = 16EDD31A213C06EF00E21AB2 /* HJDMyManager.m */; };
		16EDD31F213C074A00E21AB2 /* HJDMyAgentModel.m in Sources */ = {isa = PBXBuildFile; fileRef = 16EDD31D213C074A00E21AB2 /* HJDMyAgentModel.m */; };
		16EDD324213C086100E21AB2 /* qr.png in Resources */ = {isa = PBXBuildFile; fileRef = 16EDD320213C086100E21AB2 /* qr.png */; };
		16EDD325213C086100E21AB2 /* bg.jpg in Resources */ = {isa = PBXBuildFile; fileRef = 16EDD321213C086100E21AB2 /* bg.jpg */; };
		16EDD326213C086100E21AB2 /* h1.png in Resources */ = {isa = PBXBuildFile; fileRef = 16EDD322213C086100E21AB2 /* h1.png */; };
		16EDD327213C086100E21AB2 /* back.png in Resources */ = {isa = PBXBuildFile; fileRef = 16EDD323213C086100E21AB2 /* back.png */; };
		16EDD32A213C176000E21AB2 /* HJDHomeOrderListTableViewCell.m in Sources */ = {isa = PBXBuildFile; fileRef = 16EDD329213C176000E21AB2 /* HJDHomeOrderListTableViewCell.m */; };
		16EDD32D213C2E8900E21AB2 /* HJDHomeOrderListViewController.m in Sources */ = {isa = PBXBuildFile; fileRef = 16EDD32C213C2E8900E21AB2 /* HJDHomeOrderListViewController.m */; };
		16EDD330213C318100E21AB2 /* HJDOrderAuditViewController.m in Sources */ = {isa = PBXBuildFile; fileRef = 16EDD32F213C318100E21AB2 /* HJDOrderAuditViewController.m */; };
		16EDD333213C323700E21AB2 /* HJDOrderCollectionViewCell.m in Sources */ = {isa = PBXBuildFile; fileRef = 16EDD332213C323700E21AB2 /* HJDOrderCollectionViewCell.m */; };
		16FFC51621397373008BCABC /* HJDRegisterManger.m in Sources */ = {isa = PBXBuildFile; fileRef = 16FFC51521397373008BCABC /* HJDRegisterManger.m */; };
		16FFC519213973A2008BCABC /* HJDRegisterModel.m in Sources */ = {isa = PBXBuildFile; fileRef = 16FFC518213973A2008BCABC /* HJDRegisterModel.m */; };
		16FFC51C21397FDD008BCABC /* 1.png in Resources */ = {isa = PBXBuildFile; fileRef = 16FFC51B21397FDD008BCABC /* 1.png */; };
		AA7D7F762143586100E0D843 /* 暂无数据_03@3x.png in Resources */ = {isa = PBXBuildFile; fileRef = AA7D7F142143585200E0D843 /* 暂无数据_03@3x.png */; };
		AA7D7F772143586100E0D843 /* 订单管理我的订单@3x.png in Resources */ = {isa = PBXBuildFile; fileRef = AA7D7F152143585200E0D843 /* 订单管理我的订单@3x.png */; };
		AA7D7F782143586100E0D843 /* 首页工单管理@2x.png in Resources */ = {isa = PBXBuildFile; fileRef = AA7D7F162143585200E0D843 /* 首页工单管理@2x.png */; };
		AA7D7F792143586100E0D843 /* 底部导航我的未选中@3x.png in Resources */ = {isa = PBXBuildFile; fileRef = AA7D7F172143585200E0D843 /* 底部导航我的未选中@3x.png */; };
		AA7D7F7A2143586100E0D843 /* 首页选择城市@2x.png in Resources */ = {isa = PBXBuildFile; fileRef = AA7D7F182143585300E0D843 /* 首页选择城市@2x.png */; };
		AA7D7F7B2143586100E0D843 /* 工单审核（渠道权限）经纪人@3x.png in Resources */ = {isa = PBXBuildFile; fileRef = AA7D7F192143585300E0D843 /* 工单审核（渠道权限）经纪人@3x.png */; };
		AA7D7F7C2143586100E0D843 /* 共党详情已拒单@3x.png in Resources */ = {isa = PBXBuildFile; fileRef = AA7D7F1A2143585300E0D843 /* 共党详情已拒单@3x.png */; };
		AA7D7F7D2143586100E0D843 /* 首页通知@2x.png in Resources */ = {isa = PBXBuildFile; fileRef = AA7D7F1B2143585300E0D843 /* 首页通知@2x.png */; };
		AA7D7F7E2143586100E0D843 /* 启动页左下@3x.png in Resources */ = {isa = PBXBuildFile; fileRef = AA7D7F1C2143585300E0D843 /* 启动页左下@3x.png */; };
		AA7D7F7F2143586100E0D843 /* 首页车抵贷@2x.png in Resources */ = {isa = PBXBuildFile; fileRef = AA7D7F1D2143585300E0D843 /* 首页车抵贷@2x.png */; };
		AA7D7F802143586100E0D843 /* 邀请码朋友圈@2x.png in Resources */ = {isa = PBXBuildFile; fileRef = AA7D7F1E2143585300E0D843 /* 邀请码朋友圈@2x.png */; };
		AA7D7F812143586100E0D843 /* 暂无数据_03@2x.png in Resources */ = {isa = PBXBuildFile; fileRef = AA7D7F1F2143585400E0D843 /* 暂无数据_03@2x.png */; };
		AA7D7F822143586100E0D843 /* 我的页背景@3x.png in Resources */ = {isa = PBXBuildFile; fileRef = AA7D7F202143585400E0D843 /* 我的页背景@3x.png */; };
		AA7D7F832143586100E0D843 /* 工单详情查看审查报告@2x.png in Resources */ = {isa = PBXBuildFile; fileRef = AA7D7F212143585400E0D843 /* 工单详情查看审查报告@2x.png */; };
		AA7D7F842143586100E0D843 /* 我的页客户经理@2x.png in Resources */ = {isa = PBXBuildFile; fileRef = AA7D7F222143585400E0D843 /* 我的页客户经理@2x.png */; };
		AA7D7F852143586100E0D843 /* 启动页左上@2x.png in Resources */ = {isa = PBXBuildFile; fileRef = AA7D7F232143585400E0D843 /* 启动页左上@2x.png */; };
		AA7D7F862143586100E0D843 /* 首页通知@3x.png in Resources */ = {isa = PBXBuildFile; fileRef = AA7D7F242143585400E0D843 /* 首页通知@3x.png */; };
		AA7D7F872143586100E0D843 /* 暂无网络@3x.png in Resources */ = {isa = PBXBuildFile; fileRef = AA7D7F252143585400E0D843 /* 暂无网络@3x.png */; };
		AA7D7F882143586100E0D843 /* 订单管理我的订单@2x.png in Resources */ = {isa = PBXBuildFile; fileRef = AA7D7F262143585500E0D843 /* 订单管理我的订单@2x.png */; };
		AA7D7F892143586100E0D843 /* 启动页左下@2x.png in Resources */ = {isa = PBXBuildFile; fileRef = AA7D7F272143585500E0D843 /* 启动页左下@2x.png */; };
		AA7D7F8A2143586100E0D843 /* 工单审核（渠道权限）经纪人@2x.png in Resources */ = {isa = PBXBuildFile; fileRef = AA7D7F282143585500E0D843 /* 工单审核（渠道权限）经纪人@2x.png */; };
		AA7D7F8B2143586100E0D843 /* 底部导航我的选中@3x.png in Resources */ = {isa = PBXBuildFile; fileRef = AA7D7F292143585500E0D843 /* 底部导航我的选中@3x.png */; };
		AA7D7F8C2143586100E0D843 /* 订单进程搜索中的下拉箭头@2x.png in Resources */ = {isa = PBXBuildFile; fileRef = AA7D7F2A2143585500E0D843 /* 订单进程搜索中的下拉箭头@2x.png */; };
		AA7D7F8D2143586100E0D843 /* 工单详情查看审查报告@3x.png in Resources */ = {isa = PBXBuildFile; fileRef = AA7D7F2B2143585500E0D843 /* 工单详情查看审查报告@3x.png */; };
		AA7D7F8E2143586100E0D843 /* 首页信贷@2x.png in Resources */ = {isa = PBXBuildFile; fileRef = AA7D7F2C2143585600E0D843 /* 首页信贷@2x.png */; };
		AA7D7F8F2143586100E0D843 /* 我的页经纪人@3x.png in Resources */ = {isa = PBXBuildFile; fileRef = AA7D7F2D2143585600E0D843 /* 我的页经纪人@3x.png */; };
		AA7D7F902143586100E0D843 /* 订单管理页搜索删除@3x.png in Resources */ = {isa = PBXBuildFile; fileRef = AA7D7F2E2143585600E0D843 /* 订单管理页搜索删除@3x.png */; };
		AA7D7F912143586100E0D843 /* 启动页右下@2x.png in Resources */ = {isa = PBXBuildFile; fileRef = AA7D7F2F2143585600E0D843 /* 启动页右下@2x.png */; };
		AA7D7F922143586100E0D843 /* 首页选择城市@3x.png in Resources */ = {isa = PBXBuildFile; fileRef = AA7D7F302143585600E0D843 /* 首页选择城市@3x.png */; };
		AA7D7F932143586100E0D843 /* 我的经纪人电话小图标@2x.png in Resources */ = {isa = PBXBuildFile; fileRef = AA7D7F312143585700E0D843 /* 我的经纪人电话小图标@2x.png */; };
		AA7D7F942143586100E0D843 /* 启动页左上@3x.png in Resources */ = {isa = PBXBuildFile; fileRef = AA7D7F322143585700E0D843 /* 启动页左上@3x.png */; };
		AA7D7F952143586100E0D843 /* 暂无网络@2x.png in Resources */ = {isa = PBXBuildFile; fileRef = AA7D7F332143585700E0D843 /* 暂无网络@2x.png */; };
		AA7D7F962143586100E0D843 /* 添加证件@2x.png in Resources */ = {isa = PBXBuildFile; fileRef = AA7D7F342143585700E0D843 /* 添加证件@2x.png */; };
		AA7D7F972143586100E0D843 /* 邀请码头像@2x.png in Resources */ = {isa = PBXBuildFile; fileRef = AA7D7F352143585800E0D843 /* 邀请码头像@2x.png */; };
		AA7D7F982143586100E0D843 /* 首页还款计算器@2x.png in Resources */ = {isa = PBXBuildFile; fileRef = AA7D7F362143585800E0D843 /* 首页还款计算器@2x.png */; };
		AA7D7F992143586100E0D843 /* 我的经纪人拨打电话@3x.png in Resources */ = {isa = PBXBuildFile; fileRef = AA7D7F372143585800E0D843 /* 我的经纪人拨打电话@3x.png */; };
		AA7D7F9A2143586100E0D843 /* 客服电话@2x.png in Resources */ = {isa = PBXBuildFile; fileRef = AA7D7F382143585800E0D843 /* 客服电话@2x.png */; };
		AA7D7F9B2143586100E0D843 /* 底部导航我的选中@2x.png in Resources */ = {isa = PBXBuildFile; fileRef = AA7D7F392143585800E0D843 /* 底部导航我的选中@2x.png */; };
		AA7D7F9C2143586100E0D843 /* 首页底部导航未选中@3x.png in Resources */ = {isa = PBXBuildFile; fileRef = AA7D7F3A2143585800E0D843 /* 首页底部导航未选中@3x.png */; };
		AA7D7F9D2143586100E0D843 /* 邀请码微信@3x.png in Resources */ = {isa = PBXBuildFile; fileRef = AA7D7F3B2143585900E0D843 /* 邀请码微信@3x.png */; };
		AA7D7F9E2143586100E0D843 /* 邀请码微信@2x.png in Resources */ = {isa = PBXBuildFile; fileRef = AA7D7F3C2143585900E0D843 /* 邀请码微信@2x.png */; };
		AA7D7F9F2143586100E0D843 /* 添加证件@3x.png in Resources */ = {isa = PBXBuildFile; fileRef = AA7D7F3D2143585900E0D843 /* 添加证件@3x.png */; };
		AA7D7FA02143586100E0D843 /* 底部导航首页选中@2x.png in Resources */ = {isa = PBXBuildFile; fileRef = AA7D7F3E2143585900E0D843 /* 底部导航首页选中@2x.png */; };
		AA7D7FA12143586100E0D843 /* 订单管理渠道代码@2x.png in Resources */ = {isa = PBXBuildFile; fileRef = AA7D7F3F2143585900E0D843 /* 订单管理渠道代码@2x.png */; };
		AA7D7FA22143586100E0D843 /* 启动页右上@3x.png in Resources */ = {isa = PBXBuildFile; fileRef = AA7D7F402143585A00E0D843 /* 启动页右上@3x.png */; };
		AA7D7FA32143586100E0D843 /* 工单详情对勾@2x.png in Resources */ = {isa = PBXBuildFile; fileRef = AA7D7F412143585A00E0D843 /* 工单详情对勾@2x.png */; };
		AA7D7FA42143586100E0D843 /* 启动页地球@2x.png in Resources */ = {isa = PBXBuildFile; fileRef = AA7D7F422143585A00E0D843 /* 启动页地球@2x.png */; };
		AA7D7FA52143586100E0D843 /* 首页还款计算器@3x.png in Resources */ = {isa = PBXBuildFile; fileRef = AA7D7F432143585A00E0D843 /* 首页还款计算器@3x.png */; };
		AA7D7FA62143586100E0D843 /* 启动页右下@3x.png in Resources */ = {isa = PBXBuildFile; fileRef = AA7D7F442143585A00E0D843 /* 启动页右下@3x.png */; };
		AA7D7FA72143586100E0D843 /* 我的页邀请码@2x.png in Resources */ = {isa = PBXBuildFile; fileRef = AA7D7F452143585A00E0D843 /* 我的页邀请码@2x.png */; };
		AA7D7FA82143586100E0D843 /* 启动页右上@2x.png in Resources */ = {isa = PBXBuildFile; fileRef = AA7D7F462143585B00E0D843 /* 启动页右上@2x.png */; };
		AA7D7FA92143586100E0D843 /* 启动页logo@3x.png in Resources */ = {isa = PBXBuildFile; fileRef = AA7D7F472143585B00E0D843 /* 启动页logo@3x.png */; };
		AA7D7FAA2143586100E0D843 /* 返回按钮@3x.png in Resources */ = {isa = PBXBuildFile; fileRef = AA7D7F482143585B00E0D843 /* 返回按钮@3x.png */; };
		AA7D7FAB2143586100E0D843 /* 我的页邀请码@3x.png in Resources */ = {isa = PBXBuildFile; fileRef = AA7D7F492143585B00E0D843 /* 我的页邀请码@3x.png */; };
		AA7D7FAC2143586100E0D843 /* 邀请码头像@3x.png in Resources */ = {isa = PBXBuildFile; fileRef = AA7D7F4A2143585B00E0D843 /* 邀请码头像@3x.png */; };
		AA7D7FAD2143586100E0D843 /* 启动页logo@2x.png in Resources */ = {isa = PBXBuildFile; fileRef = AA7D7F4B2143585B00E0D843 /* 启动页logo@2x.png */; };
		AA7D7FAE2143586100E0D843 /* 通知删除@2x.png in Resources */ = {isa = PBXBuildFile; fileRef = AA7D7F4C2143585C00E0D843 /* 通知删除@2x.png */; };
		AA7D7FAF2143586100E0D843 /* 工单详情对勾@3x.png in Resources */ = {isa = PBXBuildFile; fileRef = AA7D7F4D2143585C00E0D843 /* 工单详情对勾@3x.png */; };
		AA7D7FB02143586100E0D843 /* 首页底部导航未选中@2x.png in Resources */ = {isa = PBXBuildFile; fileRef = AA7D7F4E2143585C00E0D843 /* 首页底部导航未选中@2x.png */; };
		AA7D7FB12143586100E0D843 /* 进入@3x.png in Resources */ = {isa = PBXBuildFile; fileRef = AA7D7F4F2143585D00E0D843 /* 进入@3x.png */; };
		AA7D7FB22143586100E0D843 /* 首页房抵贷@3x.png in Resources */ = {isa = PBXBuildFile; fileRef = AA7D7F502143585D00E0D843 /* 首页房抵贷@3x.png */; };
		AA7D7FB32143586100E0D843 /* 首页工单管理@3x.png in Resources */ = {isa = PBXBuildFile; fileRef = AA7D7F512143585D00E0D843 /* 首页工单管理@3x.png */; };
		AA7D7FB42143586100E0D843 /* 我的页客户经理@3x.png in Resources */ = {isa = PBXBuildFile; fileRef = AA7D7F522143585D00E0D843 /* 我的页客户经理@3x.png */; };
		AA7D7FB52143586100E0D843 /* 订单管理页搜索删除@2x.png in Resources */ = {isa = PBXBuildFile; fileRef = AA7D7F532143585D00E0D843 /* 订单管理页搜索删除@2x.png */; };
		AA7D7FB62143586100E0D843 /* 首页工单审核@2x.png in Resources */ = {isa = PBXBuildFile; fileRef = AA7D7F542143585E00E0D843 /* 首页工单审核@2x.png */; };
		AA7D7FB72143586100E0D843 /* 底部导航首页选中@3x.png in Resources */ = {isa = PBXBuildFile; fileRef = AA7D7F552143585E00E0D843 /* 底部导航首页选中@3x.png */; };
		AA7D7FB82143586100E0D843 /* 我的经纪人电话小图标@3x.png in Resources */ = {isa = PBXBuildFile; fileRef = AA7D7F562143585E00E0D843 /* 我的经纪人电话小图标@3x.png */; };
		AA7D7FB92143586100E0D843 /* 报单删除上传图片@3x.png in Resources */ = {isa = PBXBuildFile; fileRef = AA7D7F572143585E00E0D843 /* 报单删除上传图片@3x.png */; };
		AA7D7FBA2143586100E0D843 /* 订单进程搜索中的下拉箭头@3x.png in Resources */ = {isa = PBXBuildFile; fileRef = AA7D7F582143585E00E0D843 /* 订单进程搜索中的下拉箭头@3x.png */; };
		AA7D7FBB2143586100E0D843 /* 订单管理渠道代码@3x.png in Resources */ = {isa = PBXBuildFile; fileRef = AA7D7F592143585F00E0D843 /* 订单管理渠道代码@3x.png */; };
		AA7D7FBC2143586100E0D843 /* 客服电话@3x.png in Resources */ = {isa = PBXBuildFile; fileRef = AA7D7F5A2143585F00E0D843 /* 客服电话@3x.png */; };
		AA7D7FBD2143586100E0D843 /* 我的默认头像@3x.png in Resources */ = {isa = PBXBuildFile; fileRef = AA7D7F5B2143585F00E0D843 /* 我的默认头像@3x.png */; };
		AA7D7FBE2143586100E0D843 /* 邀请码朋友圈@3x.png in Resources */ = {isa = PBXBuildFile; fileRef = AA7D7F5C2143585F00E0D843 /* 邀请码朋友圈@3x.png */; };
		AA7D7FBF2143586100E0D843 /* 我的经纪人拨打电话@2x.png in Resources */ = {isa = PBXBuildFile; fileRef = AA7D7F5D2143585F00E0D843 /* 我的经纪人拨打电话@2x.png */; };
		AA7D7FC02143586100E0D843 /* 工单详情已放款@3x.png in Resources */ = {isa = PBXBuildFile; fileRef = AA7D7F5E2143585F00E0D843 /* 工单详情已放款@3x.png */; };
		AA7D7FC12143586100E0D843 /* 工单详情拒单@3x.png in Resources */ = {isa = PBXBuildFile; fileRef = AA7D7F5F2143586000E0D843 /* 工单详情拒单@3x.png */; };
		AA7D7FC22143586100E0D843 /* 注册页对勾@3x.png in Resources */ = {isa = PBXBuildFile; fileRef = AA7D7F602143586000E0D843 /* 注册页对勾@3x.png */; };
		AA7D7FC32143586100E0D843 /* 首页工单审核@3x.png in Resources */ = {isa = PBXBuildFile; fileRef = AA7D7F612143586000E0D843 /* 首页工单审核@3x.png */; };
		AA7D7FC42143586100E0D843 /* 返回按钮@2x.png in Resources */ = {isa = PBXBuildFile; fileRef = AA7D7F622143586000E0D843 /* 返回按钮@2x.png */; };
		AA7D7FC52143586100E0D843 /* 我的默认头像@2x.png in Resources */ = {isa = PBXBuildFile; fileRef = AA7D7F632143586000E0D843 /* 我的默认头像@2x.png */; };
		AA7D7FC62143586100E0D843 /* 报单删除上传图片@2x.png in Resources */ = {isa = PBXBuildFile; fileRef = AA7D7F642143586000E0D843 /* 报单删除上传图片@2x.png */; };
		AA7D7FC72143586100E0D843 /* 首页信贷@3x.png in Resources */ = {isa = PBXBuildFile; fileRef = AA7D7F652143586000E0D843 /* 首页信贷@3x.png */; };
		AA7D7FC82143586100E0D843 /* 我的页设置@3x.png in Resources */ = {isa = PBXBuildFile; fileRef = AA7D7F662143586000E0D843 /* 我的页设置@3x.png */; };
		AA7D7FC92143586100E0D843 /* 首页车抵贷@3x.png in Resources */ = {isa = PBXBuildFile; fileRef = AA7D7F672143586100E0D843 /* 首页车抵贷@3x.png */; };
		AA7D7FCA2143586100E0D843 /* 注册页对勾@2x.png in Resources */ = {isa = PBXBuildFile; fileRef = AA7D7F682143586100E0D843 /* 注册页对勾@2x.png */; };
		AA7D7FCB2143586100E0D843 /* 共党详情已拒单@2x.png in Resources */ = {isa = PBXBuildFile; fileRef = AA7D7F692143586100E0D843 /* 共党详情已拒单@2x.png */; };
		AA7D7FCC2143586100E0D843 /* 我的页经纪人@2x.png in Resources */ = {isa = PBXBuildFile; fileRef = AA7D7F6A2143586100E0D843 /* 我的页经纪人@2x.png */; };
		AA7D7FCD2143586100E0D843 /* 工单详情查看批贷函@3x.png in Resources */ = {isa = PBXBuildFile; fileRef = AA7D7F6B2143586100E0D843 /* 工单详情查看批贷函@3x.png */; };
		AA7D7FCE2143586100E0D843 /* 我的页背景@2x.png in Resources */ = {isa = PBXBuildFile; fileRef = AA7D7F6C2143586100E0D843 /* 我的页背景@2x.png */; };
		AA7D7FCF2143586100E0D843 /* 工单详情查看批贷函@2x.png in Resources */ = {isa = PBXBuildFile; fileRef = AA7D7F6D2143586100E0D843 /* 工单详情查看批贷函@2x.png */; };
		AA7D7FD02143586100E0D843 /* 进入@2x.png in Resources */ = {isa = PBXBuildFile; fileRef = AA7D7F6E2143586100E0D843 /* 进入@2x.png */; };
		AA7D7FD12143586100E0D843 /* 首页房抵贷@2x.png in Resources */ = {isa = PBXBuildFile; fileRef = AA7D7F6F2143586100E0D843 /* 首页房抵贷@2x.png */; };
		AA7D7FD22143586100E0D843 /* 我的页设置@2x.png in Resources */ = {isa = PBXBuildFile; fileRef = AA7D7F702143586100E0D843 /* 我的页设置@2x.png */; };
		AA7D7FD32143586100E0D843 /* 启动页地球@3x.png in Resources */ = {isa = PBXBuildFile; fileRef = AA7D7F712143586100E0D843 /* 启动页地球@3x.png */; };
		AA7D7FD42143586100E0D843 /* 工单详情已放款@2x.png in Resources */ = {isa = PBXBuildFile; fileRef = AA7D7F722143586100E0D843 /* 工单详情已放款@2x.png */; };
		AA7D7FD52143586100E0D843 /* 底部导航我的未选中@2x.png in Resources */ = {isa = PBXBuildFile; fileRef = AA7D7F732143586100E0D843 /* 底部导航我的未选中@2x.png */; };
		AA7D7FD62143586100E0D843 /* 通知删除@3x.png in Resources */ = {isa = PBXBuildFile; fileRef = AA7D7F742143586100E0D843 /* 通知删除@3x.png */; };
		AA7D7FD72143586100E0D843 /* 工单详情拒单@2x.png in Resources */ = {isa = PBXBuildFile; fileRef = AA7D7F752143586100E0D843 /* 工单详情拒单@2x.png */; };
		AA7D7FDE2143589300E0D843 /* HJDHomeModel.m in Sources */ = {isa = PBXBuildFile; fileRef = AA7D7FDD2143589300E0D843 /* HJDHomeModel.m */; };
		AA7D7FE3214358AA00E0D843 /* HJDButton.m in Sources */ = {isa = PBXBuildFile; fileRef = AA7D7FDF214358A900E0D843 /* HJDButton.m */; };
		AA7D7FE4214358AA00E0D843 /* HJDHomeTableViewCell.m in Sources */ = {isa = PBXBuildFile; fileRef = AA7D7FE0214358A900E0D843 /* HJDHomeTableViewCell.m */; };
		AA7D7FE9214398E200E0D843 /* UIView+HMCore.m in Sources */ = {isa = PBXBuildFile; fileRef = AA7D7FE6214398E200E0D843 /* UIView+HMCore.m */; };
		AA7D7FEA214398E200E0D843 /* NSObject+HMCore.m in Sources */ = {isa = PBXBuildFile; fileRef = AA7D7FE8214398E200E0D843 /* NSObject+HMCore.m */; };
		AAD24F6421394B3800298386 /* HKScrollView.m in Sources */ = {isa = PBXBuildFile; fileRef = AAD24F6321394B3800298386 /* HKScrollView.m */; };
		AAD24F6721394BA200298386 /* HJDHomeViewController.m in Sources */ = {isa = PBXBuildFile; fileRef = AAD24F6621394BA200298386 /* HJDHomeViewController.m */; };
		AAD24F6D21394D8400298386 /* HJDBaseViewController.m in Sources */ = {isa = PBXBuildFile; fileRef = AAD24F6C21394D8400298386 /* HJDBaseViewController.m */; };
		AAD24F7021394EA900298386 /* UITableView+HJD.m in Sources */ = {isa = PBXBuildFile; fileRef = AAD24F6F21394EA900298386 /* UITableView+HJD.m */; };
		AAD24F77213ADE3200298386 /* UIAlertController+Blocks.m in Sources */ = {isa = PBXBuildFile; fileRef = AAD24F76213ADE3200298386 /* UIAlertController+Blocks.m */; };
		AAD24F79213AE0B000298386 /* hk_timeline_image_loading.png in Resources */ = {isa = PBXBuildFile; fileRef = AAD24F78213AE0AF00298386 /* hk_timeline_image_loading.png */; };
		D6432F235E81DD89E31E1B21 /* libPods-HuiJinDai.a in Frameworks */ = {isa = PBXBuildFile; fileRef = 758AEEDFDB9B291E6C91EBA5 /* libPods-HuiJinDai.a */; };
/* End PBXBuildFile section */

/* Begin PBXContainerItemProxy section */
		16C4E1A821381BFD004268C4 /* PBXContainerItemProxy */ = {
			isa = PBXContainerItemProxy;
			containerPortal = 16C4E18721381BFC004268C4 /* Project object */;
			proxyType = 1;
			remoteGlobalIDString = 16C4E18E21381BFC004268C4;
			remoteInfo = HuiJinDai;
		};
		16C4E1B321381BFD004268C4 /* PBXContainerItemProxy */ = {
			isa = PBXContainerItemProxy;
			containerPortal = 16C4E18721381BFC004268C4 /* Project object */;
			proxyType = 1;
			remoteGlobalIDString = 16C4E18E21381BFC004268C4;
			remoteInfo = HuiJinDai;
		};
/* End PBXContainerItemProxy section */

/* Begin PBXFileReference section */
		162904D22140181300AC151D /* HJDHomeOrderManageViewController.h */ = {isa = PBXFileReference; lastKnownFileType = sourcecode.c.h; path = HJDHomeOrderManageViewController.h; sourceTree = "<group>"; };
		162904D32140181300AC151D /* HJDHomeOrderManageViewController.m */ = {isa = PBXFileReference; lastKnownFileType = sourcecode.c.objc; path = HJDHomeOrderManageViewController.m; sourceTree = "<group>"; };
		16908036213EBFD800AA2575 /* HJDOrderListModel.h */ = {isa = PBXFileReference; lastKnownFileType = sourcecode.c.h; path = HJDOrderListModel.h; sourceTree = "<group>"; };
		16908037213EBFD800AA2575 /* HJDOrderListModel.m */ = {isa = PBXFileReference; lastKnownFileType = sourcecode.c.objc; path = HJDOrderListModel.m; sourceTree = "<group>"; };
		1690803A213EC04400AA2575 /* HJDHomeManager.h */ = {isa = PBXFileReference; lastKnownFileType = sourcecode.c.h; path = HJDHomeManager.h; sourceTree = "<group>"; };
		1690803B213EC04400AA2575 /* HJDHomeManager.m */ = {isa = PBXFileReference; lastKnownFileType = sourcecode.c.objc; path = HJDHomeManager.m; sourceTree = "<group>"; };
		1690803D213EC64300AA2575 /* HJDHomeSegmentView.h */ = {isa = PBXFileReference; lastKnownFileType = sourcecode.c.h; path = HJDHomeSegmentView.h; sourceTree = "<group>"; };
		1690803E213EC64300AA2575 /* HJDHomeSegmentView.m */ = {isa = PBXFileReference; lastKnownFileType = sourcecode.c.objc; path = HJDHomeSegmentView.m; sourceTree = "<group>"; };
		169C078021416AC900E9CDD0 /* 3.png */ = {isa = PBXFileReference; lastKnownFileType = image.png; path = 3.png; sourceTree = "<group>"; };
		169C07822141744900E9CDD0 /* HJDMyInviteCodeView.h */ = {isa = PBXFileReference; lastKnownFileType = sourcecode.c.h; path = HJDMyInviteCodeView.h; sourceTree = "<group>"; };
		169C07832141744900E9CDD0 /* HJDMyInviteCodeView.m */ = {isa = PBXFileReference; lastKnownFileType = sourcecode.c.objc; path = HJDMyInviteCodeView.m; sourceTree = "<group>"; };
		16B6DEA1213987CF00CF8C8D /* 2.png */ = {isa = PBXFileReference; lastKnownFileType = image.png; path = 2.png; sourceTree = "<group>"; };
		16B6DEA3213988BB00CF8C8D /* HJDCityPickerView.h */ = {isa = PBXFileReference; lastKnownFileType = sourcecode.c.h; path = HJDCityPickerView.h; sourceTree = "<group>"; };
		16B6DEA4213988BB00CF8C8D /* HJDCityPickerView.m */ = {isa = PBXFileReference; lastKnownFileType = sourcecode.c.objc; path = HJDCityPickerView.m; sourceTree = "<group>"; };
		16C4E18F21381BFC004268C4 /* HuiJinDai.app */ = {isa = PBXFileReference; explicitFileType = wrapper.application; includeInIndex = 0; path = HuiJinDai.app; sourceTree = BUILT_PRODUCTS_DIR; };
		16C4E19221381BFC004268C4 /* AppDelegate.h */ = {isa = PBXFileReference; lastKnownFileType = sourcecode.c.h; path = AppDelegate.h; sourceTree = "<group>"; };
		16C4E19321381BFC004268C4 /* AppDelegate.m */ = {isa = PBXFileReference; lastKnownFileType = sourcecode.c.objc; path = AppDelegate.m; sourceTree = "<group>"; };
		16C4E19B21381BFD004268C4 /* Assets.xcassets */ = {isa = PBXFileReference; lastKnownFileType = folder.assetcatalog; path = Assets.xcassets; sourceTree = "<group>"; };
		16C4E1A021381BFD004268C4 /* Info.plist */ = {isa = PBXFileReference; lastKnownFileType = text.plist.xml; path = Info.plist; sourceTree = "<group>"; };
		16C4E1A121381BFD004268C4 /* main.m */ = {isa = PBXFileReference; lastKnownFileType = sourcecode.c.objc; path = main.m; sourceTree = "<group>"; };
		16C4E1A721381BFD004268C4 /* HuiJinDaiTests.xctest */ = {isa = PBXFileReference; explicitFileType = wrapper.cfbundle; includeInIndex = 0; path = HuiJinDaiTests.xctest; sourceTree = BUILT_PRODUCTS_DIR; };
		16C4E1AB21381BFD004268C4 /* HuiJinDaiTests.m */ = {isa = PBXFileReference; lastKnownFileType = sourcecode.c.objc; path = HuiJinDaiTests.m; sourceTree = "<group>"; };
		16C4E1AD21381BFD004268C4 /* Info.plist */ = {isa = PBXFileReference; lastKnownFileType = text.plist.xml; path = Info.plist; sourceTree = "<group>"; };
		16C4E1B221381BFD004268C4 /* HuiJinDaiUITests.xctest */ = {isa = PBXFileReference; explicitFileType = wrapper.cfbundle; includeInIndex = 0; path = HuiJinDaiUITests.xctest; sourceTree = BUILT_PRODUCTS_DIR; };
		16C4E1B621381BFE004268C4 /* HuiJinDaiUITests.m */ = {isa = PBXFileReference; lastKnownFileType = sourcecode.c.objc; path = HuiJinDaiUITests.m; sourceTree = "<group>"; };
		16C4E1B821381BFE004268C4 /* Info.plist */ = {isa = PBXFileReference; lastKnownFileType = text.plist.xml; path = Info.plist; sourceTree = "<group>"; };
		16C4E1D32138255B004268C4 /* HJDRegisterViewController.h */ = {isa = PBXFileReference; lastKnownFileType = sourcecode.c.h; path = HJDRegisterViewController.h; sourceTree = "<group>"; };
		16C4E1D42138255B004268C4 /* HJDRegisterViewController.m */ = {isa = PBXFileReference; lastKnownFileType = sourcecode.c.objc; path = HJDRegisterViewController.m; sourceTree = "<group>"; };
		16C4E1D6213826D0004268C4 /* HJDTextFieldView.h */ = {isa = PBXFileReference; lastKnownFileType = sourcecode.c.h; path = HJDTextFieldView.h; sourceTree = "<group>"; };
		16C4E1D7213826D0004268C4 /* HJDTextFieldView.m */ = {isa = PBXFileReference; lastKnownFileType = sourcecode.c.objc; path = HJDTextFieldView.m; sourceTree = "<group>"; };
		16C4F34A2140019100C3F76B /* HJDHomeOrderListSearchView.h */ = {isa = PBXFileReference; lastKnownFileType = sourcecode.c.h; path = HJDHomeOrderListSearchView.h; sourceTree = "<group>"; };
		16C4F34B2140019100C3F76B /* HJDHomeOrderListSearchView.m */ = {isa = PBXFileReference; lastKnownFileType = sourcecode.c.objc; path = HJDHomeOrderListSearchView.m; sourceTree = "<group>"; };
		16DD8DE621382A3400C5AA4E /* PrefixHeader.pch */ = {isa = PBXFileReference; lastKnownFileType = sourcecode.c.h; path = PrefixHeader.pch; sourceTree = "<group>"; };
		16EDD2BD213AC4A000E21AB2 /* HJDLoginViewController.h */ = {isa = PBXFileReference; lastKnownFileType = sourcecode.c.h; path = HJDLoginViewController.h; sourceTree = "<group>"; };
		16EDD2BE213AC4A000E21AB2 /* HJDLoginViewController.m */ = {isa = PBXFileReference; lastKnownFileType = sourcecode.c.objc; path = HJDLoginViewController.m; sourceTree = "<group>"; };
		16EDD2C2213AD7EC00E21AB2 /* HJDMyViewController.h */ = {isa = PBXFileReference; lastKnownFileType = sourcecode.c.h; path = HJDMyViewController.h; sourceTree = "<group>"; };
		16EDD2C3213AD7EC00E21AB2 /* HJDMyViewController.m */ = {isa = PBXFileReference; lastKnownFileType = sourcecode.c.objc; path = HJDMyViewController.m; sourceTree = "<group>"; };
		16EDD2C5213AD9E800E21AB2 /* 4.png */ = {isa = PBXFileReference; lastKnownFileType = image.png; path = 4.png; sourceTree = "<group>"; };
		16EDD2C7213AD9EC00E21AB2 /* 5.png */ = {isa = PBXFileReference; lastKnownFileType = image.png; path = 5.png; sourceTree = "<group>"; };
		16EDD301213C06DC00E21AB2 /* HJDMyAgentViewController.h */ = {isa = PBXFileReference; fileEncoding = 4; lastKnownFileType = sourcecode.c.h; path = HJDMyAgentViewController.h; sourceTree = "<group>"; };
		16EDD302213C06DC00E21AB2 /* HJDMyCustomerManagerViewController.h */ = {isa = PBXFileReference; fileEncoding = 4; lastKnownFileType = sourcecode.c.h; path = HJDMyCustomerManagerViewController.h; sourceTree = "<group>"; };
		16EDD303213C06DC00E21AB2 /* HJDMyAgentViewController.m */ = {isa = PBXFileReference; fileEncoding = 4; lastKnownFileType = sourcecode.c.objc; path = HJDMyAgentViewController.m; sourceTree = "<group>"; };
		16EDD304213C06DC00E21AB2 /* HJDMySettingViewController.h */ = {isa = PBXFileReference; fileEncoding = 4; lastKnownFileType = sourcecode.c.h; path = HJDMySettingViewController.h; sourceTree = "<group>"; };
		16EDD305213C06DC00E21AB2 /* HJDMySettingViewController.m */ = {isa = PBXFileReference; fileEncoding = 4; lastKnownFileType = sourcecode.c.objc; path = HJDMySettingViewController.m; sourceTree = "<group>"; };
		16EDD308213C06DC00E21AB2 /* HJDMyCustomerManagerViewController.m */ = {isa = PBXFileReference; fileEncoding = 4; lastKnownFileType = sourcecode.c.objc; path = HJDMyCustomerManagerViewController.m; sourceTree = "<group>"; };
		16EDD30E213C06E600E21AB2 /* HJDMyTableViewCell.h */ = {isa = PBXFileReference; fileEncoding = 4; lastKnownFileType = sourcecode.c.h; path = HJDMyTableViewCell.h; sourceTree = "<group>"; };
		16EDD30F213C06E600E21AB2 /* HJDMyAgentTableViewCell.h */ = {isa = PBXFileReference; fileEncoding = 4; lastKnownFileType = sourcecode.c.h; path = HJDMyAgentTableViewCell.h; sourceTree = "<group>"; };
		16EDD311213C06E600E21AB2 /* HJDMyTableViewCell.m */ = {isa = PBXFileReference; fileEncoding = 4; lastKnownFileType = sourcecode.c.objc; path = HJDMyTableViewCell.m; sourceTree = "<group>"; };
		16EDD312213C06E600E21AB2 /* HJDMySearchFieldView.m */ = {isa = PBXFileReference; fileEncoding = 4; lastKnownFileType = sourcecode.c.objc; path = HJDMySearchFieldView.m; sourceTree = "<group>"; };
		16EDD313213C06E600E21AB2 /* HJDMySearchFieldView.h */ = {isa = PBXFileReference; fileEncoding = 4; lastKnownFileType = sourcecode.c.h; path = HJDMySearchFieldView.h; sourceTree = "<group>"; };
		16EDD314213C06E600E21AB2 /* HJDMyAgentTableViewCell.m */ = {isa = PBXFileReference; fileEncoding = 4; lastKnownFileType = sourcecode.c.objc; path = HJDMyAgentTableViewCell.m; sourceTree = "<group>"; };
		16EDD319213C06EF00E21AB2 /* HJDMyManager.h */ = {isa = PBXFileReference; fileEncoding = 4; lastKnownFileType = sourcecode.c.h; path = HJDMyManager.h; sourceTree = "<group>"; };
		16EDD31A213C06EF00E21AB2 /* HJDMyManager.m */ = {isa = PBXFileReference; fileEncoding = 4; lastKnownFileType = sourcecode.c.objc; path = HJDMyManager.m; sourceTree = "<group>"; };
		16EDD31D213C074A00E21AB2 /* HJDMyAgentModel.m */ = {isa = PBXFileReference; fileEncoding = 4; lastKnownFileType = sourcecode.c.objc; path = HJDMyAgentModel.m; sourceTree = "<group>"; };
		16EDD31E213C074A00E21AB2 /* HJDMyAgentModel.h */ = {isa = PBXFileReference; fileEncoding = 4; lastKnownFileType = sourcecode.c.h; path = HJDMyAgentModel.h; sourceTree = "<group>"; };
		16EDD320213C086100E21AB2 /* qr.png */ = {isa = PBXFileReference; lastKnownFileType = image.png; path = qr.png; sourceTree = "<group>"; };
		16EDD321213C086100E21AB2 /* bg.jpg */ = {isa = PBXFileReference; lastKnownFileType = image.jpeg; path = bg.jpg; sourceTree = "<group>"; };
		16EDD322213C086100E21AB2 /* h1.png */ = {isa = PBXFileReference; lastKnownFileType = image.png; path = h1.png; sourceTree = "<group>"; };
		16EDD323213C086100E21AB2 /* back.png */ = {isa = PBXFileReference; lastKnownFileType = image.png; path = back.png; sourceTree = "<group>"; };
		16EDD328213C176000E21AB2 /* HJDHomeOrderListTableViewCell.h */ = {isa = PBXFileReference; lastKnownFileType = sourcecode.c.h; path = HJDHomeOrderListTableViewCell.h; sourceTree = "<group>"; };
		16EDD329213C176000E21AB2 /* HJDHomeOrderListTableViewCell.m */ = {isa = PBXFileReference; lastKnownFileType = sourcecode.c.objc; path = HJDHomeOrderListTableViewCell.m; sourceTree = "<group>"; };
		16EDD32B213C2E8900E21AB2 /* HJDHomeOrderListViewController.h */ = {isa = PBXFileReference; lastKnownFileType = sourcecode.c.h; path = HJDHomeOrderListViewController.h; sourceTree = "<group>"; };
		16EDD32C213C2E8900E21AB2 /* HJDHomeOrderListViewController.m */ = {isa = PBXFileReference; lastKnownFileType = sourcecode.c.objc; path = HJDHomeOrderListViewController.m; sourceTree = "<group>"; };
		16EDD32E213C318100E21AB2 /* HJDOrderAuditViewController.h */ = {isa = PBXFileReference; lastKnownFileType = sourcecode.c.h; path = HJDOrderAuditViewController.h; sourceTree = "<group>"; };
		16EDD32F213C318100E21AB2 /* HJDOrderAuditViewController.m */ = {isa = PBXFileReference; lastKnownFileType = sourcecode.c.objc; path = HJDOrderAuditViewController.m; sourceTree = "<group>"; };
		16EDD331213C323700E21AB2 /* HJDOrderCollectionViewCell.h */ = {isa = PBXFileReference; lastKnownFileType = sourcecode.c.h; path = HJDOrderCollectionViewCell.h; sourceTree = "<group>"; };
		16EDD332213C323700E21AB2 /* HJDOrderCollectionViewCell.m */ = {isa = PBXFileReference; lastKnownFileType = sourcecode.c.objc; path = HJDOrderCollectionViewCell.m; sourceTree = "<group>"; };
		16FFC51421397373008BCABC /* HJDRegisterManger.h */ = {isa = PBXFileReference; lastKnownFileType = sourcecode.c.h; path = HJDRegisterManger.h; sourceTree = "<group>"; };
		16FFC51521397373008BCABC /* HJDRegisterManger.m */ = {isa = PBXFileReference; lastKnownFileType = sourcecode.c.objc; path = HJDRegisterManger.m; sourceTree = "<group>"; };
		16FFC517213973A2008BCABC /* HJDRegisterModel.h */ = {isa = PBXFileReference; lastKnownFileType = sourcecode.c.h; path = HJDRegisterModel.h; sourceTree = "<group>"; };
		16FFC518213973A2008BCABC /* HJDRegisterModel.m */ = {isa = PBXFileReference; lastKnownFileType = sourcecode.c.objc; path = HJDRegisterModel.m; sourceTree = "<group>"; };
		16FFC51B21397FDD008BCABC /* 1.png */ = {isa = PBXFileReference; lastKnownFileType = image.png; path = 1.png; sourceTree = "<group>"; };
		3934C1A1D46330E827334147 /* Pods-HuiJinDai.debug.xcconfig */ = {isa = PBXFileReference; includeInIndex = 1; lastKnownFileType = text.xcconfig; name = "Pods-HuiJinDai.debug.xcconfig"; path = "Pods/Target Support Files/Pods-HuiJinDai/Pods-HuiJinDai.debug.xcconfig"; sourceTree = "<group>"; };
		716329259416E7FBB66B2DF9 /* Pods-HuiJinDai.release.xcconfig */ = {isa = PBXFileReference; includeInIndex = 1; lastKnownFileType = text.xcconfig; name = "Pods-HuiJinDai.release.xcconfig"; path = "Pods/Target Support Files/Pods-HuiJinDai/Pods-HuiJinDai.release.xcconfig"; sourceTree = "<group>"; };
		758AEEDFDB9B291E6C91EBA5 /* libPods-HuiJinDai.a */ = {isa = PBXFileReference; explicitFileType = archive.ar; includeInIndex = 0; path = "libPods-HuiJinDai.a"; sourceTree = BUILT_PRODUCTS_DIR; };
		AA7D7F142143585200E0D843 /* 暂无数据_03@3x.png */ = {isa = PBXFileReference; lastKnownFileType = image.png; path = "暂无数据_03@3x.png"; sourceTree = "<group>"; };
		AA7D7F152143585200E0D843 /* 订单管理我的订单@3x.png */ = {isa = PBXFileReference; lastKnownFileType = image.png; path = "订单管理我的订单@3x.png"; sourceTree = "<group>"; };
		AA7D7F162143585200E0D843 /* 首页工单管理@2x.png */ = {isa = PBXFileReference; lastKnownFileType = image.png; path = "首页工单管理@2x.png"; sourceTree = "<group>"; };
		AA7D7F172143585200E0D843 /* 底部导航我的未选中@3x.png */ = {isa = PBXFileReference; lastKnownFileType = image.png; path = "底部导航我的未选中@3x.png"; sourceTree = "<group>"; };
		AA7D7F182143585300E0D843 /* 首页选择城市@2x.png */ = {isa = PBXFileReference; lastKnownFileType = image.png; path = "首页选择城市@2x.png"; sourceTree = "<group>"; };
		AA7D7F192143585300E0D843 /* 工单审核（渠道权限）经纪人@3x.png */ = {isa = PBXFileReference; lastKnownFileType = image.png; path = "工单审核（渠道权限）经纪人@3x.png"; sourceTree = "<group>"; };
		AA7D7F1A2143585300E0D843 /* 共党详情已拒单@3x.png */ = {isa = PBXFileReference; lastKnownFileType = image.png; path = "共党详情已拒单@3x.png"; sourceTree = "<group>"; };
		AA7D7F1B2143585300E0D843 /* 首页通知@2x.png */ = {isa = PBXFileReference; lastKnownFileType = image.png; path = "首页通知@2x.png"; sourceTree = "<group>"; };
		AA7D7F1C2143585300E0D843 /* 启动页左下@3x.png */ = {isa = PBXFileReference; lastKnownFileType = image.png; path = "启动页左下@3x.png"; sourceTree = "<group>"; };
		AA7D7F1D2143585300E0D843 /* 首页车抵贷@2x.png */ = {isa = PBXFileReference; lastKnownFileType = image.png; path = "首页车抵贷@2x.png"; sourceTree = "<group>"; };
		AA7D7F1E2143585300E0D843 /* 邀请码朋友圈@2x.png */ = {isa = PBXFileReference; lastKnownFileType = image.png; path = "邀请码朋友圈@2x.png"; sourceTree = "<group>"; };
		AA7D7F1F2143585400E0D843 /* 暂无数据_03@2x.png */ = {isa = PBXFileReference; lastKnownFileType = image.png; path = "暂无数据_03@2x.png"; sourceTree = "<group>"; };
		AA7D7F202143585400E0D843 /* 我的页背景@3x.png */ = {isa = PBXFileReference; lastKnownFileType = image.png; path = "我的页背景@3x.png"; sourceTree = "<group>"; };
		AA7D7F212143585400E0D843 /* 工单详情查看审查报告@2x.png */ = {isa = PBXFileReference; lastKnownFileType = image.png; path = "工单详情查看审查报告@2x.png"; sourceTree = "<group>"; };
		AA7D7F222143585400E0D843 /* 我的页客户经理@2x.png */ = {isa = PBXFileReference; lastKnownFileType = image.png; path = "我的页客户经理@2x.png"; sourceTree = "<group>"; };
		AA7D7F232143585400E0D843 /* 启动页左上@2x.png */ = {isa = PBXFileReference; lastKnownFileType = image.png; path = "启动页左上@2x.png"; sourceTree = "<group>"; };
		AA7D7F242143585400E0D843 /* 首页通知@3x.png */ = {isa = PBXFileReference; lastKnownFileType = image.png; path = "首页通知@3x.png"; sourceTree = "<group>"; };
		AA7D7F252143585400E0D843 /* 暂无网络@3x.png */ = {isa = PBXFileReference; lastKnownFileType = image.png; path = "暂无网络@3x.png"; sourceTree = "<group>"; };
		AA7D7F262143585500E0D843 /* 订单管理我的订单@2x.png */ = {isa = PBXFileReference; lastKnownFileType = image.png; path = "订单管理我的订单@2x.png"; sourceTree = "<group>"; };
		AA7D7F272143585500E0D843 /* 启动页左下@2x.png */ = {isa = PBXFileReference; lastKnownFileType = image.png; path = "启动页左下@2x.png"; sourceTree = "<group>"; };
		AA7D7F282143585500E0D843 /* 工单审核（渠道权限）经纪人@2x.png */ = {isa = PBXFileReference; lastKnownFileType = image.png; path = "工单审核（渠道权限）经纪人@2x.png"; sourceTree = "<group>"; };
		AA7D7F292143585500E0D843 /* 底部导航我的选中@3x.png */ = {isa = PBXFileReference; lastKnownFileType = image.png; path = "底部导航我的选中@3x.png"; sourceTree = "<group>"; };
		AA7D7F2A2143585500E0D843 /* 订单进程搜索中的下拉箭头@2x.png */ = {isa = PBXFileReference; lastKnownFileType = image.png; path = "订单进程搜索中的下拉箭头@2x.png"; sourceTree = "<group>"; };
		AA7D7F2B2143585500E0D843 /* 工单详情查看审查报告@3x.png */ = {isa = PBXFileReference; lastKnownFileType = image.png; path = "工单详情查看审查报告@3x.png"; sourceTree = "<group>"; };
		AA7D7F2C2143585600E0D843 /* 首页信贷@2x.png */ = {isa = PBXFileReference; lastKnownFileType = image.png; path = "首页信贷@2x.png"; sourceTree = "<group>"; };
		AA7D7F2D2143585600E0D843 /* 我的页经纪人@3x.png */ = {isa = PBXFileReference; lastKnownFileType = image.png; path = "我的页经纪人@3x.png"; sourceTree = "<group>"; };
		AA7D7F2E2143585600E0D843 /* 订单管理页搜索删除@3x.png */ = {isa = PBXFileReference; lastKnownFileType = image.png; path = "订单管理页搜索删除@3x.png"; sourceTree = "<group>"; };
		AA7D7F2F2143585600E0D843 /* 启动页右下@2x.png */ = {isa = PBXFileReference; lastKnownFileType = image.png; path = "启动页右下@2x.png"; sourceTree = "<group>"; };
		AA7D7F302143585600E0D843 /* 首页选择城市@3x.png */ = {isa = PBXFileReference; lastKnownFileType = image.png; path = "首页选择城市@3x.png"; sourceTree = "<group>"; };
		AA7D7F312143585700E0D843 /* 我的经纪人电话小图标@2x.png */ = {isa = PBXFileReference; lastKnownFileType = image.png; path = "我的经纪人电话小图标@2x.png"; sourceTree = "<group>"; };
		AA7D7F322143585700E0D843 /* 启动页左上@3x.png */ = {isa = PBXFileReference; lastKnownFileType = image.png; path = "启动页左上@3x.png"; sourceTree = "<group>"; };
		AA7D7F332143585700E0D843 /* 暂无网络@2x.png */ = {isa = PBXFileReference; lastKnownFileType = image.png; path = "暂无网络@2x.png"; sourceTree = "<group>"; };
		AA7D7F342143585700E0D843 /* 添加证件@2x.png */ = {isa = PBXFileReference; lastKnownFileType = image.png; path = "添加证件@2x.png"; sourceTree = "<group>"; };
		AA7D7F352143585800E0D843 /* 邀请码头像@2x.png */ = {isa = PBXFileReference; lastKnownFileType = image.png; path = "邀请码头像@2x.png"; sourceTree = "<group>"; };
		AA7D7F362143585800E0D843 /* 首页还款计算器@2x.png */ = {isa = PBXFileReference; lastKnownFileType = image.png; path = "首页还款计算器@2x.png"; sourceTree = "<group>"; };
		AA7D7F372143585800E0D843 /* 我的经纪人拨打电话@3x.png */ = {isa = PBXFileReference; lastKnownFileType = image.png; path = "我的经纪人拨打电话@3x.png"; sourceTree = "<group>"; };
		AA7D7F382143585800E0D843 /* 客服电话@2x.png */ = {isa = PBXFileReference; lastKnownFileType = image.png; path = "客服电话@2x.png"; sourceTree = "<group>"; };
		AA7D7F392143585800E0D843 /* 底部导航我的选中@2x.png */ = {isa = PBXFileReference; lastKnownFileType = image.png; path = "底部导航我的选中@2x.png"; sourceTree = "<group>"; };
		AA7D7F3A2143585800E0D843 /* 首页底部导航未选中@3x.png */ = {isa = PBXFileReference; lastKnownFileType = image.png; path = "首页底部导航未选中@3x.png"; sourceTree = "<group>"; };
		AA7D7F3B2143585900E0D843 /* 邀请码微信@3x.png */ = {isa = PBXFileReference; lastKnownFileType = image.png; path = "邀请码微信@3x.png"; sourceTree = "<group>"; };
		AA7D7F3C2143585900E0D843 /* 邀请码微信@2x.png */ = {isa = PBXFileReference; lastKnownFileType = image.png; path = "邀请码微信@2x.png"; sourceTree = "<group>"; };
		AA7D7F3D2143585900E0D843 /* 添加证件@3x.png */ = {isa = PBXFileReference; lastKnownFileType = image.png; path = "添加证件@3x.png"; sourceTree = "<group>"; };
		AA7D7F3E2143585900E0D843 /* 底部导航首页选中@2x.png */ = {isa = PBXFileReference; lastKnownFileType = image.png; path = "底部导航首页选中@2x.png"; sourceTree = "<group>"; };
		AA7D7F3F2143585900E0D843 /* 订单管理渠道代码@2x.png */ = {isa = PBXFileReference; lastKnownFileType = image.png; path = "订单管理渠道代码@2x.png"; sourceTree = "<group>"; };
		AA7D7F402143585A00E0D843 /* 启动页右上@3x.png */ = {isa = PBXFileReference; lastKnownFileType = image.png; path = "启动页右上@3x.png"; sourceTree = "<group>"; };
		AA7D7F412143585A00E0D843 /* 工单详情对勾@2x.png */ = {isa = PBXFileReference; lastKnownFileType = image.png; path = "工单详情对勾@2x.png"; sourceTree = "<group>"; };
		AA7D7F422143585A00E0D843 /* 启动页地球@2x.png */ = {isa = PBXFileReference; lastKnownFileType = image.png; path = "启动页地球@2x.png"; sourceTree = "<group>"; };
		AA7D7F432143585A00E0D843 /* 首页还款计算器@3x.png */ = {isa = PBXFileReference; lastKnownFileType = image.png; path = "首页还款计算器@3x.png"; sourceTree = "<group>"; };
		AA7D7F442143585A00E0D843 /* 启动页右下@3x.png */ = {isa = PBXFileReference; lastKnownFileType = image.png; path = "启动页右下@3x.png"; sourceTree = "<group>"; };
		AA7D7F452143585A00E0D843 /* 我的页邀请码@2x.png */ = {isa = PBXFileReference; lastKnownFileType = image.png; path = "我的页邀请码@2x.png"; sourceTree = "<group>"; };
		AA7D7F462143585B00E0D843 /* 启动页右上@2x.png */ = {isa = PBXFileReference; lastKnownFileType = image.png; path = "启动页右上@2x.png"; sourceTree = "<group>"; };
		AA7D7F472143585B00E0D843 /* 启动页logo@3x.png */ = {isa = PBXFileReference; lastKnownFileType = image.png; path = "启动页logo@3x.png"; sourceTree = "<group>"; };
		AA7D7F482143585B00E0D843 /* 返回按钮@3x.png */ = {isa = PBXFileReference; lastKnownFileType = image.png; path = "返回按钮@3x.png"; sourceTree = "<group>"; };
		AA7D7F492143585B00E0D843 /* 我的页邀请码@3x.png */ = {isa = PBXFileReference; lastKnownFileType = image.png; path = "我的页邀请码@3x.png"; sourceTree = "<group>"; };
		AA7D7F4A2143585B00E0D843 /* 邀请码头像@3x.png */ = {isa = PBXFileReference; lastKnownFileType = image.png; path = "邀请码头像@3x.png"; sourceTree = "<group>"; };
		AA7D7F4B2143585B00E0D843 /* 启动页logo@2x.png */ = {isa = PBXFileReference; lastKnownFileType = image.png; path = "启动页logo@2x.png"; sourceTree = "<group>"; };
		AA7D7F4C2143585C00E0D843 /* 通知删除@2x.png */ = {isa = PBXFileReference; lastKnownFileType = image.png; path = "通知删除@2x.png"; sourceTree = "<group>"; };
		AA7D7F4D2143585C00E0D843 /* 工单详情对勾@3x.png */ = {isa = PBXFileReference; lastKnownFileType = image.png; path = "工单详情对勾@3x.png"; sourceTree = "<group>"; };
		AA7D7F4E2143585C00E0D843 /* 首页底部导航未选中@2x.png */ = {isa = PBXFileReference; lastKnownFileType = image.png; path = "首页底部导航未选中@2x.png"; sourceTree = "<group>"; };
		AA7D7F4F2143585D00E0D843 /* 进入@3x.png */ = {isa = PBXFileReference; lastKnownFileType = image.png; path = "进入@3x.png"; sourceTree = "<group>"; };
		AA7D7F502143585D00E0D843 /* 首页房抵贷@3x.png */ = {isa = PBXFileReference; lastKnownFileType = image.png; path = "首页房抵贷@3x.png"; sourceTree = "<group>"; };
		AA7D7F512143585D00E0D843 /* 首页工单管理@3x.png */ = {isa = PBXFileReference; lastKnownFileType = image.png; path = "首页工单管理@3x.png"; sourceTree = "<group>"; };
		AA7D7F522143585D00E0D843 /* 我的页客户经理@3x.png */ = {isa = PBXFileReference; lastKnownFileType = image.png; path = "我的页客户经理@3x.png"; sourceTree = "<group>"; };
		AA7D7F532143585D00E0D843 /* 订单管理页搜索删除@2x.png */ = {isa = PBXFileReference; lastKnownFileType = image.png; path = "订单管理页搜索删除@2x.png"; sourceTree = "<group>"; };
		AA7D7F542143585E00E0D843 /* 首页工单审核@2x.png */ = {isa = PBXFileReference; lastKnownFileType = image.png; path = "首页工单审核@2x.png"; sourceTree = "<group>"; };
		AA7D7F552143585E00E0D843 /* 底部导航首页选中@3x.png */ = {isa = PBXFileReference; lastKnownFileType = image.png; path = "底部导航首页选中@3x.png"; sourceTree = "<group>"; };
		AA7D7F562143585E00E0D843 /* 我的经纪人电话小图标@3x.png */ = {isa = PBXFileReference; lastKnownFileType = image.png; path = "我的经纪人电话小图标@3x.png"; sourceTree = "<group>"; };
		AA7D7F572143585E00E0D843 /* 报单删除上传图片@3x.png */ = {isa = PBXFileReference; lastKnownFileType = image.png; path = "报单删除上传图片@3x.png"; sourceTree = "<group>"; };
		AA7D7F582143585E00E0D843 /* 订单进程搜索中的下拉箭头@3x.png */ = {isa = PBXFileReference; lastKnownFileType = image.png; path = "订单进程搜索中的下拉箭头@3x.png"; sourceTree = "<group>"; };
		AA7D7F592143585F00E0D843 /* 订单管理渠道代码@3x.png */ = {isa = PBXFileReference; lastKnownFileType = image.png; path = "订单管理渠道代码@3x.png"; sourceTree = "<group>"; };
		AA7D7F5A2143585F00E0D843 /* 客服电话@3x.png */ = {isa = PBXFileReference; lastKnownFileType = image.png; path = "客服电话@3x.png"; sourceTree = "<group>"; };
		AA7D7F5B2143585F00E0D843 /* 我的默认头像@3x.png */ = {isa = PBXFileReference; lastKnownFileType = image.png; path = "我的默认头像@3x.png"; sourceTree = "<group>"; };
		AA7D7F5C2143585F00E0D843 /* 邀请码朋友圈@3x.png */ = {isa = PBXFileReference; lastKnownFileType = image.png; path = "邀请码朋友圈@3x.png"; sourceTree = "<group>"; };
		AA7D7F5D2143585F00E0D843 /* 我的经纪人拨打电话@2x.png */ = {isa = PBXFileReference; lastKnownFileType = image.png; path = "我的经纪人拨打电话@2x.png"; sourceTree = "<group>"; };
		AA7D7F5E2143585F00E0D843 /* 工单详情已放款@3x.png */ = {isa = PBXFileReference; lastKnownFileType = image.png; path = "工单详情已放款@3x.png"; sourceTree = "<group>"; };
		AA7D7F5F2143586000E0D843 /* 工单详情拒单@3x.png */ = {isa = PBXFileReference; lastKnownFileType = image.png; path = "工单详情拒单@3x.png"; sourceTree = "<group>"; };
		AA7D7F602143586000E0D843 /* 注册页对勾@3x.png */ = {isa = PBXFileReference; lastKnownFileType = image.png; path = "注册页对勾@3x.png"; sourceTree = "<group>"; };
		AA7D7F612143586000E0D843 /* 首页工单审核@3x.png */ = {isa = PBXFileReference; lastKnownFileType = image.png; path = "首页工单审核@3x.png"; sourceTree = "<group>"; };
		AA7D7F622143586000E0D843 /* 返回按钮@2x.png */ = {isa = PBXFileReference; lastKnownFileType = image.png; path = "返回按钮@2x.png"; sourceTree = "<group>"; };
		AA7D7F632143586000E0D843 /* 我的默认头像@2x.png */ = {isa = PBXFileReference; lastKnownFileType = image.png; path = "我的默认头像@2x.png"; sourceTree = "<group>"; };
		AA7D7F642143586000E0D843 /* 报单删除上传图片@2x.png */ = {isa = PBXFileReference; lastKnownFileType = image.png; path = "报单删除上传图片@2x.png"; sourceTree = "<group>"; };
		AA7D7F652143586000E0D843 /* 首页信贷@3x.png */ = {isa = PBXFileReference; lastKnownFileType = image.png; path = "首页信贷@3x.png"; sourceTree = "<group>"; };
		AA7D7F662143586000E0D843 /* 我的页设置@3x.png */ = {isa = PBXFileReference; lastKnownFileType = image.png; path = "我的页设置@3x.png"; sourceTree = "<group>"; };
		AA7D7F672143586100E0D843 /* 首页车抵贷@3x.png */ = {isa = PBXFileReference; lastKnownFileType = image.png; path = "首页车抵贷@3x.png"; sourceTree = "<group>"; };
		AA7D7F682143586100E0D843 /* 注册页对勾@2x.png */ = {isa = PBXFileReference; lastKnownFileType = image.png; path = "注册页对勾@2x.png"; sourceTree = "<group>"; };
		AA7D7F692143586100E0D843 /* 共党详情已拒单@2x.png */ = {isa = PBXFileReference; lastKnownFileType = image.png; path = "共党详情已拒单@2x.png"; sourceTree = "<group>"; };
		AA7D7F6A2143586100E0D843 /* 我的页经纪人@2x.png */ = {isa = PBXFileReference; lastKnownFileType = image.png; path = "我的页经纪人@2x.png"; sourceTree = "<group>"; };
		AA7D7F6B2143586100E0D843 /* 工单详情查看批贷函@3x.png */ = {isa = PBXFileReference; lastKnownFileType = image.png; path = "工单详情查看批贷函@3x.png"; sourceTree = "<group>"; };
		AA7D7F6C2143586100E0D843 /* 我的页背景@2x.png */ = {isa = PBXFileReference; lastKnownFileType = image.png; path = "我的页背景@2x.png"; sourceTree = "<group>"; };
		AA7D7F6D2143586100E0D843 /* 工单详情查看批贷函@2x.png */ = {isa = PBXFileReference; lastKnownFileType = image.png; path = "工单详情查看批贷函@2x.png"; sourceTree = "<group>"; };
		AA7D7F6E2143586100E0D843 /* 进入@2x.png */ = {isa = PBXFileReference; lastKnownFileType = image.png; path = "进入@2x.png"; sourceTree = "<group>"; };
		AA7D7F6F2143586100E0D843 /* 首页房抵贷@2x.png */ = {isa = PBXFileReference; lastKnownFileType = image.png; path = "首页房抵贷@2x.png"; sourceTree = "<group>"; };
		AA7D7F702143586100E0D843 /* 我的页设置@2x.png */ = {isa = PBXFileReference; lastKnownFileType = image.png; path = "我的页设置@2x.png"; sourceTree = "<group>"; };
		AA7D7F712143586100E0D843 /* 启动页地球@3x.png */ = {isa = PBXFileReference; lastKnownFileType = image.png; path = "启动页地球@3x.png"; sourceTree = "<group>"; };
		AA7D7F722143586100E0D843 /* 工单详情已放款@2x.png */ = {isa = PBXFileReference; lastKnownFileType = image.png; path = "工单详情已放款@2x.png"; sourceTree = "<group>"; };
		AA7D7F732143586100E0D843 /* 底部导航我的未选中@2x.png */ = {isa = PBXFileReference; lastKnownFileType = image.png; path = "底部导航我的未选中@2x.png"; sourceTree = "<group>"; };
		AA7D7F742143586100E0D843 /* 通知删除@3x.png */ = {isa = PBXFileReference; lastKnownFileType = image.png; path = "通知删除@3x.png"; sourceTree = "<group>"; };
		AA7D7F752143586100E0D843 /* 工单详情拒单@2x.png */ = {isa = PBXFileReference; lastKnownFileType = image.png; path = "工单详情拒单@2x.png"; sourceTree = "<group>"; };
		AA7D7FD92143586E00E0D843 /* HMTypeDefine.h */ = {isa = PBXFileReference; fileEncoding = 4; lastKnownFileType = sourcecode.c.h; path = HMTypeDefine.h; sourceTree = "<group>"; };
		AA7D7FDA2143586E00E0D843 /* HMBlockDefine.h */ = {isa = PBXFileReference; fileEncoding = 4; lastKnownFileType = sourcecode.c.h; path = HMBlockDefine.h; sourceTree = "<group>"; };
		AA7D7FDB2143586E00E0D843 /* HMMacroDefine.h */ = {isa = PBXFileReference; fileEncoding = 4; lastKnownFileType = sourcecode.c.h; path = HMMacroDefine.h; sourceTree = "<group>"; };
		AA7D7FDC2143589300E0D843 /* HJDHomeModel.h */ = {isa = PBXFileReference; fileEncoding = 4; lastKnownFileType = sourcecode.c.h; path = HJDHomeModel.h; sourceTree = "<group>"; };
		AA7D7FDD2143589300E0D843 /* HJDHomeModel.m */ = {isa = PBXFileReference; fileEncoding = 4; lastKnownFileType = sourcecode.c.objc; path = HJDHomeModel.m; sourceTree = "<group>"; };
		AA7D7FDF214358A900E0D843 /* HJDButton.m */ = {isa = PBXFileReference; fileEncoding = 4; lastKnownFileType = sourcecode.c.objc; path = HJDButton.m; sourceTree = "<group>"; };
		AA7D7FE0214358A900E0D843 /* HJDHomeTableViewCell.m */ = {isa = PBXFileReference; fileEncoding = 4; lastKnownFileType = sourcecode.c.objc; path = HJDHomeTableViewCell.m; sourceTree = "<group>"; };
		AA7D7FE1214358A900E0D843 /* HJDHomeTableViewCell.h */ = {isa = PBXFileReference; fileEncoding = 4; lastKnownFileType = sourcecode.c.h; path = HJDHomeTableViewCell.h; sourceTree = "<group>"; };
		AA7D7FE2214358A900E0D843 /* HJDButton.h */ = {isa = PBXFileReference; fileEncoding = 4; lastKnownFileType = sourcecode.c.h; path = HJDButton.h; sourceTree = "<group>"; };
		AA7D7FE5214398E200E0D843 /* UIView+HMCore.h */ = {isa = PBXFileReference; fileEncoding = 4; lastKnownFileType = sourcecode.c.h; path = "UIView+HMCore.h"; sourceTree = "<group>"; };
		AA7D7FE6214398E200E0D843 /* UIView+HMCore.m */ = {isa = PBXFileReference; fileEncoding = 4; lastKnownFileType = sourcecode.c.objc; path = "UIView+HMCore.m"; sourceTree = "<group>"; };
		AA7D7FE7214398E200E0D843 /* NSObject+HMCore.h */ = {isa = PBXFileReference; fileEncoding = 4; lastKnownFileType = sourcecode.c.h; path = "NSObject+HMCore.h"; sourceTree = "<group>"; };
		AA7D7FE8214398E200E0D843 /* NSObject+HMCore.m */ = {isa = PBXFileReference; fileEncoding = 4; lastKnownFileType = sourcecode.c.objc; path = "NSObject+HMCore.m"; sourceTree = "<group>"; };
		AAD24F6221394B3800298386 /* HKScrollView.h */ = {isa = PBXFileReference; fileEncoding = 4; lastKnownFileType = sourcecode.c.h; path = HKScrollView.h; sourceTree = "<group>"; };
		AAD24F6321394B3800298386 /* HKScrollView.m */ = {isa = PBXFileReference; fileEncoding = 4; lastKnownFileType = sourcecode.c.objc; path = HKScrollView.m; sourceTree = "<group>"; };
		AAD24F6521394BA200298386 /* HJDHomeViewController.h */ = {isa = PBXFileReference; lastKnownFileType = sourcecode.c.h; path = HJDHomeViewController.h; sourceTree = "<group>"; };
		AAD24F6621394BA200298386 /* HJDHomeViewController.m */ = {isa = PBXFileReference; lastKnownFileType = sourcecode.c.objc; path = HJDHomeViewController.m; sourceTree = "<group>"; };
		AAD24F6B21394D8400298386 /* HJDBaseViewController.h */ = {isa = PBXFileReference; lastKnownFileType = sourcecode.c.h; path = HJDBaseViewController.h; sourceTree = "<group>"; };
		AAD24F6C21394D8400298386 /* HJDBaseViewController.m */ = {isa = PBXFileReference; lastKnownFileType = sourcecode.c.objc; path = HJDBaseViewController.m; sourceTree = "<group>"; };
		AAD24F6E21394EA900298386 /* UITableView+HJD.h */ = {isa = PBXFileReference; fileEncoding = 4; lastKnownFileType = sourcecode.c.h; path = "UITableView+HJD.h"; sourceTree = "<group>"; };
		AAD24F6F21394EA900298386 /* UITableView+HJD.m */ = {isa = PBXFileReference; fileEncoding = 4; lastKnownFileType = sourcecode.c.objc; path = "UITableView+HJD.m"; sourceTree = "<group>"; };
		AAD24F75213ADE3200298386 /* UIAlertController+Blocks.h */ = {isa = PBXFileReference; fileEncoding = 4; lastKnownFileType = sourcecode.c.h; path = "UIAlertController+Blocks.h"; sourceTree = "<group>"; };
		AAD24F76213ADE3200298386 /* UIAlertController+Blocks.m */ = {isa = PBXFileReference; fileEncoding = 4; lastKnownFileType = sourcecode.c.objc; path = "UIAlertController+Blocks.m"; sourceTree = "<group>"; };
		AAD24F78213AE0AF00298386 /* hk_timeline_image_loading.png */ = {isa = PBXFileReference; lastKnownFileType = image.png; path = hk_timeline_image_loading.png; sourceTree = "<group>"; };
/* End PBXFileReference section */

/* Begin PBXFrameworksBuildPhase section */
		16C4E18C21381BFC004268C4 /* Frameworks */ = {
			isa = PBXFrameworksBuildPhase;
			buildActionMask = 2147483647;
			files = (
				D6432F235E81DD89E31E1B21 /* libPods-HuiJinDai.a in Frameworks */,
			);
			runOnlyForDeploymentPostprocessing = 0;
		};
		16C4E1A421381BFD004268C4 /* Frameworks */ = {
			isa = PBXFrameworksBuildPhase;
			buildActionMask = 2147483647;
			files = (
			);
			runOnlyForDeploymentPostprocessing = 0;
		};
		16C4E1AF21381BFD004268C4 /* Frameworks */ = {
			isa = PBXFrameworksBuildPhase;
			buildActionMask = 2147483647;
			files = (
			);
			runOnlyForDeploymentPostprocessing = 0;
		};
/* End PBXFrameworksBuildPhase section */

/* Begin PBXGroup section */
		12C8725CB0C83B214CB4AAE8 /* Pods */ = {
			isa = PBXGroup;
			children = (
				3934C1A1D46330E827334147 /* Pods-HuiJinDai.debug.xcconfig */,
				716329259416E7FBB66B2DF9 /* Pods-HuiJinDai.release.xcconfig */,
			);
			name = Pods;
			sourceTree = "<group>";
		};
		16908035213EBFB700AA2575 /* Models */ = {
			isa = PBXGroup;
			children = (
				AA7D7FDC2143589300E0D843 /* HJDHomeModel.h */,
				AA7D7FDD2143589300E0D843 /* HJDHomeModel.m */,
				16908036213EBFD800AA2575 /* HJDOrderListModel.h */,
				16908037213EBFD800AA2575 /* HJDOrderListModel.m */,
			);
			path = Models;
			sourceTree = "<group>";
		};
		16908039213EC03100AA2575 /* Managers */ = {
			isa = PBXGroup;
			children = (
				1690803A213EC04400AA2575 /* HJDHomeManager.h */,
				1690803B213EC04400AA2575 /* HJDHomeManager.m */,
			);
			path = Managers;
			sourceTree = "<group>";
		};
		16C4E18621381BFC004268C4 = {
			isa = PBXGroup;
			children = (
				16C4E19121381BFC004268C4 /* HuiJinDai */,
				16C4E1AA21381BFD004268C4 /* HuiJinDaiTests */,
				16C4E1B521381BFE004268C4 /* HuiJinDaiUITests */,
				16C4E19021381BFC004268C4 /* Products */,
				12C8725CB0C83B214CB4AAE8 /* Pods */,
				8F502DB94475AAC7D3EF2565 /* Frameworks */,
			);
			sourceTree = "<group>";
		};
		16C4E19021381BFC004268C4 /* Products */ = {
			isa = PBXGroup;
			children = (
				16C4E18F21381BFC004268C4 /* HuiJinDai.app */,
				16C4E1A721381BFD004268C4 /* HuiJinDaiTests.xctest */,
				16C4E1B221381BFD004268C4 /* HuiJinDaiUITests.xctest */,
			);
			name = Products;
			sourceTree = "<group>";
		};
		16C4E19121381BFC004268C4 /* HuiJinDai */ = {
			isa = PBXGroup;
			children = (
				AAD24F71213ADDBD00298386 /* Componets */,
				16FFC51A21397FCE008BCABC /* Images */,
				AAD24F5E21394B1B00298386 /* Home */,
				16C4E1C921381CCB004268C4 /* Login */,
				16C4E1C421381CCB004268C4 /* My */,
				16C4E19221381BFC004268C4 /* AppDelegate.h */,
				16C4E19321381BFC004268C4 /* AppDelegate.m */,
				16C4E19B21381BFD004268C4 /* Assets.xcassets */,
				16C4E1A021381BFD004268C4 /* Info.plist */,
				16C4E1A121381BFD004268C4 /* main.m */,
				16DD8DE621382A3400C5AA4E /* PrefixHeader.pch */,
			);
			path = HuiJinDai;
			sourceTree = "<group>";
		};
		16C4E1AA21381BFD004268C4 /* HuiJinDaiTests */ = {
			isa = PBXGroup;
			children = (
				16C4E1AB21381BFD004268C4 /* HuiJinDaiTests.m */,
				16C4E1AD21381BFD004268C4 /* Info.plist */,
			);
			path = HuiJinDaiTests;
			sourceTree = "<group>";
		};
		16C4E1B521381BFE004268C4 /* HuiJinDaiUITests */ = {
			isa = PBXGroup;
			children = (
				16C4E1B621381BFE004268C4 /* HuiJinDaiUITests.m */,
				16C4E1B821381BFE004268C4 /* Info.plist */,
			);
			path = HuiJinDaiUITests;
			sourceTree = "<group>";
		};
		16C4E1C421381CCB004268C4 /* My */ = {
			isa = PBXGroup;
			children = (
				16EDD31C213C074A00E21AB2 /* Models */,
				16C4E1C521381CCB004268C4 /* ViewModels */,
				16C4E1C621381CCB004268C4 /* Managers */,
				16C4E1C721381CCB004268C4 /* Controllers */,
				16C4E1C821381CCB004268C4 /* Views */,
			);
			path = My;
			sourceTree = "<group>";
		};
		16C4E1C521381CCB004268C4 /* ViewModels */ = {
			isa = PBXGroup;
			children = (
			);
			path = ViewModels;
			sourceTree = "<group>";
		};
		16C4E1C621381CCB004268C4 /* Managers */ = {
			isa = PBXGroup;
			children = (
				16EDD319213C06EF00E21AB2 /* HJDMyManager.h */,
				16EDD31A213C06EF00E21AB2 /* HJDMyManager.m */,
			);
			path = Managers;
			sourceTree = "<group>";
		};
		16C4E1C721381CCB004268C4 /* Controllers */ = {
			isa = PBXGroup;
			children = (
				16EDD2C2213AD7EC00E21AB2 /* HJDMyViewController.h */,
				16EDD2C3213AD7EC00E21AB2 /* HJDMyViewController.m */,
				16EDD301213C06DC00E21AB2 /* HJDMyAgentViewController.h */,
				16EDD303213C06DC00E21AB2 /* HJDMyAgentViewController.m */,
				16EDD302213C06DC00E21AB2 /* HJDMyCustomerManagerViewController.h */,
				16EDD308213C06DC00E21AB2 /* HJDMyCustomerManagerViewController.m */,
				16EDD304213C06DC00E21AB2 /* HJDMySettingViewController.h */,
				16EDD305213C06DC00E21AB2 /* HJDMySettingViewController.m */,
			);
			path = Controllers;
			sourceTree = "<group>";
		};
		16C4E1C821381CCB004268C4 /* Views */ = {
			isa = PBXGroup;
			children = (
				16EDD30F213C06E600E21AB2 /* HJDMyAgentTableViewCell.h */,
				16EDD314213C06E600E21AB2 /* HJDMyAgentTableViewCell.m */,
				16EDD313213C06E600E21AB2 /* HJDMySearchFieldView.h */,
				16EDD312213C06E600E21AB2 /* HJDMySearchFieldView.m */,
				16EDD30E213C06E600E21AB2 /* HJDMyTableViewCell.h */,
				16EDD311213C06E600E21AB2 /* HJDMyTableViewCell.m */,
				169C07822141744900E9CDD0 /* HJDMyInviteCodeView.h */,
				169C07832141744900E9CDD0 /* HJDMyInviteCodeView.m */,
			);
			path = Views;
			sourceTree = "<group>";
		};
		16C4E1C921381CCB004268C4 /* Login */ = {
			isa = PBXGroup;
			children = (
				16FFC51321397327008BCABC /* Models */,
				16C4E1CA21381CCB004268C4 /* ViewModels */,
				16C4E1CB21381CCB004268C4 /* Managers */,
				16C4E1CC21381CCB004268C4 /* Controllers */,
				16C4E1CD21381CCB004268C4 /* Views */,
			);
			path = Login;
			sourceTree = "<group>";
		};
		16C4E1CA21381CCB004268C4 /* ViewModels */ = {
			isa = PBXGroup;
			children = (
			);
			path = ViewModels;
			sourceTree = "<group>";
		};
		16C4E1CB21381CCB004268C4 /* Managers */ = {
			isa = PBXGroup;
			children = (
				16FFC51421397373008BCABC /* HJDRegisterManger.h */,
				16FFC51521397373008BCABC /* HJDRegisterManger.m */,
			);
			path = Managers;
			sourceTree = "<group>";
		};
		16C4E1CC21381CCB004268C4 /* Controllers */ = {
			isa = PBXGroup;
			children = (
				16C4E1D32138255B004268C4 /* HJDRegisterViewController.h */,
				16C4E1D42138255B004268C4 /* HJDRegisterViewController.m */,
				16EDD2BD213AC4A000E21AB2 /* HJDLoginViewController.h */,
				16EDD2BE213AC4A000E21AB2 /* HJDLoginViewController.m */,
			);
			path = Controllers;
			sourceTree = "<group>";
		};
		16C4E1CD21381CCB004268C4 /* Views */ = {
			isa = PBXGroup;
			children = (
				16C4E1D6213826D0004268C4 /* HJDTextFieldView.h */,
				16C4E1D7213826D0004268C4 /* HJDTextFieldView.m */,
				16B6DEA3213988BB00CF8C8D /* HJDCityPickerView.h */,
				16B6DEA4213988BB00CF8C8D /* HJDCityPickerView.m */,
			);
			path = Views;
			sourceTree = "<group>";
		};
		16EDD31C213C074A00E21AB2 /* Models */ = {
			isa = PBXGroup;
			children = (
				16EDD31D213C074A00E21AB2 /* HJDMyAgentModel.m */,
				16EDD31E213C074A00E21AB2 /* HJDMyAgentModel.h */,
			);
			path = Models;
			sourceTree = "<group>";
		};
		16FFC51321397327008BCABC /* Models */ = {
			isa = PBXGroup;
			children = (
				16FFC517213973A2008BCABC /* HJDRegisterModel.h */,
				16FFC518213973A2008BCABC /* HJDRegisterModel.m */,
			);
			path = Models;
			sourceTree = "<group>";
		};
		16FFC51A21397FCE008BCABC /* Images */ = {
			isa = PBXGroup;
			children = (
				AA7D7F642143586000E0D843 /* 报单删除上传图片@2x.png */,
				AA7D7F572143585E00E0D843 /* 报单删除上传图片@3x.png */,
				AA7D7F3E2143585900E0D843 /* 底部导航首页选中@2x.png */,
				AA7D7F552143585E00E0D843 /* 底部导航首页选中@3x.png */,
				AA7D7F732143586100E0D843 /* 底部导航我的未选中@2x.png */,
				AA7D7F172143585200E0D843 /* 底部导航我的未选中@3x.png */,
				AA7D7F392143585800E0D843 /* 底部导航我的选中@2x.png */,
				AA7D7F292143585500E0D843 /* 底部导航我的选中@3x.png */,
				AA7D7F3F2143585900E0D843 /* 订单管理渠道代码@2x.png */,
				AA7D7F592143585F00E0D843 /* 订单管理渠道代码@3x.png */,
				AA7D7F262143585500E0D843 /* 订单管理我的订单@2x.png */,
				AA7D7F152143585200E0D843 /* 订单管理我的订单@3x.png */,
				AA7D7F532143585D00E0D843 /* 订单管理页搜索删除@2x.png */,
				AA7D7F2E2143585600E0D843 /* 订单管理页搜索删除@3x.png */,
				AA7D7F2A2143585500E0D843 /* 订单进程搜索中的下拉箭头@2x.png */,
				AA7D7F582143585E00E0D843 /* 订单进程搜索中的下拉箭头@3x.png */,
				AA7D7F622143586000E0D843 /* 返回按钮@2x.png */,
				AA7D7F482143585B00E0D843 /* 返回按钮@3x.png */,
				AA7D7F282143585500E0D843 /* 工单审核（渠道权限）经纪人@2x.png */,
				AA7D7F192143585300E0D843 /* 工单审核（渠道权限）经纪人@3x.png */,
				AA7D7F6D2143586100E0D843 /* 工单详情查看批贷函@2x.png */,
				AA7D7F6B2143586100E0D843 /* 工单详情查看批贷函@3x.png */,
				AA7D7F212143585400E0D843 /* 工单详情查看审查报告@2x.png */,
				AA7D7F2B2143585500E0D843 /* 工单详情查看审查报告@3x.png */,
				AA7D7F412143585A00E0D843 /* 工单详情对勾@2x.png */,
				AA7D7F4D2143585C00E0D843 /* 工单详情对勾@3x.png */,
				AA7D7F752143586100E0D843 /* 工单详情拒单@2x.png */,
				AA7D7F5F2143586000E0D843 /* 工单详情拒单@3x.png */,
				AA7D7F722143586100E0D843 /* 工单详情已放款@2x.png */,
				AA7D7F5E2143585F00E0D843 /* 工单详情已放款@3x.png */,
				AA7D7F692143586100E0D843 /* 共党详情已拒单@2x.png */,
				AA7D7F1A2143585300E0D843 /* 共党详情已拒单@3x.png */,
				AA7D7F6E2143586100E0D843 /* 进入@2x.png */,
				AA7D7F4F2143585D00E0D843 /* 进入@3x.png */,
				AA7D7F382143585800E0D843 /* 客服电话@2x.png */,
				AA7D7F5A2143585F00E0D843 /* 客服电话@3x.png */,
				AA7D7F422143585A00E0D843 /* 启动页地球@2x.png */,
				AA7D7F712143586100E0D843 /* 启动页地球@3x.png */,
				AA7D7F462143585B00E0D843 /* 启动页右上@2x.png */,
				AA7D7F402143585A00E0D843 /* 启动页右上@3x.png */,
				AA7D7F2F2143585600E0D843 /* 启动页右下@2x.png */,
				AA7D7F442143585A00E0D843 /* 启动页右下@3x.png */,
				AA7D7F232143585400E0D843 /* 启动页左上@2x.png */,
				AA7D7F322143585700E0D843 /* 启动页左上@3x.png */,
				AA7D7F272143585500E0D843 /* 启动页左下@2x.png */,
				AA7D7F1C2143585300E0D843 /* 启动页左下@3x.png */,
				AA7D7F4B2143585B00E0D843 /* 启动页logo@2x.png */,
				AA7D7F472143585B00E0D843 /* 启动页logo@3x.png */,
				AA7D7F1D2143585300E0D843 /* 首页车抵贷@2x.png */,
				AA7D7F672143586100E0D843 /* 首页车抵贷@3x.png */,
				AA7D7F4E2143585C00E0D843 /* 首页底部导航未选中@2x.png */,
				AA7D7F3A2143585800E0D843 /* 首页底部导航未选中@3x.png */,
				AA7D7F6F2143586100E0D843 /* 首页房抵贷@2x.png */,
				AA7D7F502143585D00E0D843 /* 首页房抵贷@3x.png */,
				AA7D7F162143585200E0D843 /* 首页工单管理@2x.png */,
				AA7D7F512143585D00E0D843 /* 首页工单管理@3x.png */,
				AA7D7F542143585E00E0D843 /* 首页工单审核@2x.png */,
				AA7D7F612143586000E0D843 /* 首页工单审核@3x.png */,
				AA7D7F362143585800E0D843 /* 首页还款计算器@2x.png */,
				AA7D7F432143585A00E0D843 /* 首页还款计算器@3x.png */,
				AA7D7F1B2143585300E0D843 /* 首页通知@2x.png */,
				AA7D7F242143585400E0D843 /* 首页通知@3x.png */,
				AA7D7F2C2143585600E0D843 /* 首页信贷@2x.png */,
				AA7D7F652143586000E0D843 /* 首页信贷@3x.png */,
				AA7D7F182143585300E0D843 /* 首页选择城市@2x.png */,
				AA7D7F302143585600E0D843 /* 首页选择城市@3x.png */,
				AA7D7F342143585700E0D843 /* 添加证件@2x.png */,
				AA7D7F3D2143585900E0D843 /* 添加证件@3x.png */,
				AA7D7F4C2143585C00E0D843 /* 通知删除@2x.png */,
				AA7D7F742143586100E0D843 /* 通知删除@3x.png */,
				AA7D7F5D2143585F00E0D843 /* 我的经纪人拨打电话@2x.png */,
				AA7D7F372143585800E0D843 /* 我的经纪人拨打电话@3x.png */,
				AA7D7F312143585700E0D843 /* 我的经纪人电话小图标@2x.png */,
				AA7D7F562143585E00E0D843 /* 我的经纪人电话小图标@3x.png */,
				AA7D7F632143586000E0D843 /* 我的默认头像@2x.png */,
				AA7D7F5B2143585F00E0D843 /* 我的默认头像@3x.png */,
				AA7D7F6C2143586100E0D843 /* 我的页背景@2x.png */,
				AA7D7F202143585400E0D843 /* 我的页背景@3x.png */,
				AA7D7F6A2143586100E0D843 /* 我的页经纪人@2x.png */,
				AA7D7F2D2143585600E0D843 /* 我的页经纪人@3x.png */,
				AA7D7F222143585400E0D843 /* 我的页客户经理@2x.png */,
				AA7D7F522143585D00E0D843 /* 我的页客户经理@3x.png */,
				AA7D7F702143586100E0D843 /* 我的页设置@2x.png */,
				AA7D7F662143586000E0D843 /* 我的页设置@3x.png */,
				AA7D7F452143585A00E0D843 /* 我的页邀请码@2x.png */,
				AA7D7F492143585B00E0D843 /* 我的页邀请码@3x.png */,
				AA7D7F1E2143585300E0D843 /* 邀请码朋友圈@2x.png */,
				AA7D7F5C2143585F00E0D843 /* 邀请码朋友圈@3x.png */,
				AA7D7F352143585800E0D843 /* 邀请码头像@2x.png */,
				AA7D7F4A2143585B00E0D843 /* 邀请码头像@3x.png */,
				AA7D7F3C2143585900E0D843 /* 邀请码微信@2x.png */,
				AA7D7F3B2143585900E0D843 /* 邀请码微信@3x.png */,
				AA7D7F1F2143585400E0D843 /* 暂无数据_03@2x.png */,
				AA7D7F142143585200E0D843 /* 暂无数据_03@3x.png */,
				AA7D7F332143585700E0D843 /* 暂无网络@2x.png */,
				AA7D7F252143585400E0D843 /* 暂无网络@3x.png */,
				AA7D7F682143586100E0D843 /* 注册页对勾@2x.png */,
				AA7D7F602143586000E0D843 /* 注册页对勾@3x.png */,
				169C078021416AC900E9CDD0 /* 3.png */,
				16EDD323213C086100E21AB2 /* back.png */,
				16EDD321213C086100E21AB2 /* bg.jpg */,
				16EDD322213C086100E21AB2 /* h1.png */,
				16EDD320213C086100E21AB2 /* qr.png */,
				AAD24F78213AE0AF00298386 /* hk_timeline_image_loading.png */,
				16EDD2C7213AD9EC00E21AB2 /* 5.png */,
				16EDD2C5213AD9E800E21AB2 /* 4.png */,
				16B6DEA1213987CF00CF8C8D /* 2.png */,
				16FFC51B21397FDD008BCABC /* 1.png */,
			);
			path = Images;
			sourceTree = "<group>";
		};
		8F502DB94475AAC7D3EF2565 /* Frameworks */ = {
			isa = PBXGroup;
			children = (
				758AEEDFDB9B291E6C91EBA5 /* libPods-HuiJinDai.a */,
			);
			name = Frameworks;
			sourceTree = "<group>";
		};
		AA7D7FD82143586E00E0D843 /* Macros */ = {
			isa = PBXGroup;
			children = (
				AA7D7FD92143586E00E0D843 /* HMTypeDefine.h */,
				AA7D7FDA2143586E00E0D843 /* HMBlockDefine.h */,
				AA7D7FDB2143586E00E0D843 /* HMMacroDefine.h */,
			);
			path = Macros;
			sourceTree = "<group>";
		};
		AAD24F5E21394B1B00298386 /* Home */ = {
			isa = PBXGroup;
			children = (
				16908039213EC03100AA2575 /* Managers */,
				16908035213EBFB700AA2575 /* Models */,
				AAD24F6021394B1B00298386 /* Viewcontrollers */,
				AAD24F6121394B1B00298386 /* Views */,
			);
			path = Home;
			sourceTree = "<group>";
		};
		AAD24F6021394B1B00298386 /* Viewcontrollers */ = {
			isa = PBXGroup;
			children = (
				AAD24F6521394BA200298386 /* HJDHomeViewController.h */,
				AAD24F6621394BA200298386 /* HJDHomeViewController.m */,
				16EDD32B213C2E8900E21AB2 /* HJDHomeOrderListViewController.h */,
				16EDD32C213C2E8900E21AB2 /* HJDHomeOrderListViewController.m */,
				16EDD32E213C318100E21AB2 /* HJDOrderAuditViewController.h */,
				16EDD32F213C318100E21AB2 /* HJDOrderAuditViewController.m */,
				162904D22140181300AC151D /* HJDHomeOrderManageViewController.h */,
				162904D32140181300AC151D /* HJDHomeOrderManageViewController.m */,
			);
			path = Viewcontrollers;
			sourceTree = "<group>";
		};
		AAD24F6121394B1B00298386 /* Views */ = {
			isa = PBXGroup;
			children = (
				AA7D7FE2214358A900E0D843 /* HJDButton.h */,
				AA7D7FDF214358A900E0D843 /* HJDButton.m */,
				AA7D7FE1214358A900E0D843 /* HJDHomeTableViewCell.h */,
				AA7D7FE0214358A900E0D843 /* HJDHomeTableViewCell.m */,
				AAD24F6221394B3800298386 /* HKScrollView.h */,
				AAD24F6321394B3800298386 /* HKScrollView.m */,
				16EDD328213C176000E21AB2 /* HJDHomeOrderListTableViewCell.h */,
				16EDD329213C176000E21AB2 /* HJDHomeOrderListTableViewCell.m */,
				16EDD331213C323700E21AB2 /* HJDOrderCollectionViewCell.h */,
				16EDD332213C323700E21AB2 /* HJDOrderCollectionViewCell.m */,
				1690803D213EC64300AA2575 /* HJDHomeSegmentView.h */,
				1690803E213EC64300AA2575 /* HJDHomeSegmentView.m */,
				16C4F34A2140019100C3F76B /* HJDHomeOrderListSearchView.h */,
				16C4F34B2140019100C3F76B /* HJDHomeOrderListSearchView.m */,
			);
			path = Views;
			sourceTree = "<group>";
		};
		AAD24F71213ADDBD00298386 /* Componets */ = {
			isa = PBXGroup;
			children = (
				AA7D7FD82143586E00E0D843 /* Macros */,
				AAD24F74213ADE0900298386 /* Categories */,
				AAD24F72213ADDBD00298386 /* BaseViewcontrollers */,
				AAD24F73213ADDBD00298386 /* BaseViews */,
			);
			path = Componets;
			sourceTree = "<group>";
		};
		AAD24F72213ADDBD00298386 /* BaseViewcontrollers */ = {
			isa = PBXGroup;
			children = (
				AAD24F6B21394D8400298386 /* HJDBaseViewController.h */,
				AAD24F6C21394D8400298386 /* HJDBaseViewController.m */,
			);
			path = BaseViewcontrollers;
			sourceTree = "<group>";
		};
		AAD24F73213ADDBD00298386 /* BaseViews */ = {
			isa = PBXGroup;
			children = (
			);
			path = BaseViews;
			sourceTree = "<group>";
		};
		AAD24F74213ADE0900298386 /* Categories */ = {
			isa = PBXGroup;
			children = (
				AA7D7FE7214398E200E0D843 /* NSObject+HMCore.h */,
				AA7D7FE8214398E200E0D843 /* NSObject+HMCore.m */,
				AA7D7FE5214398E200E0D843 /* UIView+HMCore.h */,
				AA7D7FE6214398E200E0D843 /* UIView+HMCore.m */,
				AAD24F75213ADE3200298386 /* UIAlertController+Blocks.h */,
				AAD24F76213ADE3200298386 /* UIAlertController+Blocks.m */,
				AAD24F6E21394EA900298386 /* UITableView+HJD.h */,
				AAD24F6F21394EA900298386 /* UITableView+HJD.m */,
			);
			path = Categories;
			sourceTree = "<group>";
		};
/* End PBXGroup section */

/* Begin PBXNativeTarget section */
		16C4E18E21381BFC004268C4 /* HuiJinDai */ = {
			isa = PBXNativeTarget;
			buildConfigurationList = 16C4E1BB21381BFE004268C4 /* Build configuration list for PBXNativeTarget "HuiJinDai" */;
			buildPhases = (
				5D71077061FA6A08C66F8953 /* [CP] Check Pods Manifest.lock */,
				16C4E18B21381BFC004268C4 /* Sources */,
				16C4E18C21381BFC004268C4 /* Frameworks */,
				16C4E18D21381BFC004268C4 /* Resources */,
				62DD6F03884045F66E81E6FF /* [CP] Copy Pods Resources */,
			);
			buildRules = (
			);
			dependencies = (
			);
			name = HuiJinDai;
			productName = HuiJinDai;
			productReference = 16C4E18F21381BFC004268C4 /* HuiJinDai.app */;
			productType = "com.apple.product-type.application";
		};
		16C4E1A621381BFD004268C4 /* HuiJinDaiTests */ = {
			isa = PBXNativeTarget;
			buildConfigurationList = 16C4E1BE21381BFE004268C4 /* Build configuration list for PBXNativeTarget "HuiJinDaiTests" */;
			buildPhases = (
				16C4E1A321381BFD004268C4 /* Sources */,
				16C4E1A421381BFD004268C4 /* Frameworks */,
				16C4E1A521381BFD004268C4 /* Resources */,
			);
			buildRules = (
			);
			dependencies = (
				16C4E1A921381BFD004268C4 /* PBXTargetDependency */,
			);
			name = HuiJinDaiTests;
			productName = HuiJinDaiTests;
			productReference = 16C4E1A721381BFD004268C4 /* HuiJinDaiTests.xctest */;
			productType = "com.apple.product-type.bundle.unit-test";
		};
		16C4E1B121381BFD004268C4 /* HuiJinDaiUITests */ = {
			isa = PBXNativeTarget;
			buildConfigurationList = 16C4E1C121381BFE004268C4 /* Build configuration list for PBXNativeTarget "HuiJinDaiUITests" */;
			buildPhases = (
				16C4E1AE21381BFD004268C4 /* Sources */,
				16C4E1AF21381BFD004268C4 /* Frameworks */,
				16C4E1B021381BFD004268C4 /* Resources */,
			);
			buildRules = (
			);
			dependencies = (
				16C4E1B421381BFD004268C4 /* PBXTargetDependency */,
			);
			name = HuiJinDaiUITests;
			productName = HuiJinDaiUITests;
			productReference = 16C4E1B221381BFD004268C4 /* HuiJinDaiUITests.xctest */;
			productType = "com.apple.product-type.bundle.ui-testing";
		};
/* End PBXNativeTarget section */

/* Begin PBXProject section */
		16C4E18721381BFC004268C4 /* Project object */ = {
			isa = PBXProject;
			attributes = {
				LastUpgradeCheck = 0940;
				ORGANIZATIONNAME = shanpx;
				TargetAttributes = {
					16C4E18E21381BFC004268C4 = {
						CreatedOnToolsVersion = 9.4.1;
					};
					16C4E1A621381BFD004268C4 = {
						CreatedOnToolsVersion = 9.4.1;
						TestTargetID = 16C4E18E21381BFC004268C4;
					};
					16C4E1B121381BFD004268C4 = {
						CreatedOnToolsVersion = 9.4.1;
						TestTargetID = 16C4E18E21381BFC004268C4;
					};
				};
			};
			buildConfigurationList = 16C4E18A21381BFC004268C4 /* Build configuration list for PBXProject "HuiJinDai" */;
			compatibilityVersion = "Xcode 9.3";
			developmentRegion = en;
			hasScannedForEncodings = 0;
			knownRegions = (
				en,
				Base,
			);
			mainGroup = 16C4E18621381BFC004268C4;
			productRefGroup = 16C4E19021381BFC004268C4 /* Products */;
			projectDirPath = "";
			projectRoot = "";
			targets = (
				16C4E18E21381BFC004268C4 /* HuiJinDai */,
				16C4E1A621381BFD004268C4 /* HuiJinDaiTests */,
				16C4E1B121381BFD004268C4 /* HuiJinDaiUITests */,
			);
		};
/* End PBXProject section */

/* Begin PBXResourcesBuildPhase section */
		16C4E18D21381BFC004268C4 /* Resources */ = {
			isa = PBXResourcesBuildPhase;
			buildActionMask = 2147483647;
			files = (
				AA7D7FD32143586100E0D843 /* 启动页地球@3x.png in Resources */,
				AA7D7FCD2143586100E0D843 /* 工单详情查看批贷函@3x.png in Resources */,
				AA7D7FB22143586100E0D843 /* 首页房抵贷@3x.png in Resources */,
				AA7D7FA12143586100E0D843 /* 订单管理渠道代码@2x.png in Resources */,
				AA7D7FBA2143586100E0D843 /* 订单进程搜索中的下拉箭头@3x.png in Resources */,
				AA7D7F942143586100E0D843 /* 启动页左上@3x.png in Resources */,
				AA7D7FBB2143586100E0D843 /* 订单管理渠道代码@3x.png in Resources */,
				169C078121416ACA00E9CDD0 /* 3.png in Resources */,
				AA7D7FD22143586100E0D843 /* 我的页设置@2x.png in Resources */,
				AA7D7FAE2143586100E0D843 /* 通知删除@2x.png in Resources */,
				AA7D7FA22143586100E0D843 /* 启动页右上@3x.png in Resources */,
				AA7D7FCF2143586100E0D843 /* 工单详情查看批贷函@2x.png in Resources */,
				AA7D7FB52143586100E0D843 /* 订单管理页搜索删除@2x.png in Resources */,
				AA7D7FCA2143586100E0D843 /* 注册页对勾@2x.png in Resources */,
				AA7D7FB92143586100E0D843 /* 报单删除上传图片@3x.png in Resources */,
				AA7D7FA02143586100E0D843 /* 底部导航首页选中@2x.png in Resources */,
				AA7D7FD72143586100E0D843 /* 工单详情拒单@2x.png in Resources */,
				AA7D7F8F2143586100E0D843 /* 我的页经纪人@3x.png in Resources */,
				16EDD326213C086100E21AB2 /* h1.png in Resources */,
				AA7D7FD12143586100E0D843 /* 首页房抵贷@2x.png in Resources */,
				AA7D7F7B2143586100E0D843 /* 工单审核（渠道权限）经纪人@3x.png in Resources */,
				AA7D7F762143586100E0D843 /* 暂无数据_03@3x.png in Resources */,
				AA7D7FBD2143586100E0D843 /* 我的默认头像@3x.png in Resources */,
				AA7D7FAC2143586100E0D843 /* 邀请码头像@3x.png in Resources */,
				AA7D7FBE2143586100E0D843 /* 邀请码朋友圈@3x.png in Resources */,
				AA7D7F902143586100E0D843 /* 订单管理页搜索删除@3x.png in Resources */,
				AA7D7FC52143586100E0D843 /* 我的默认头像@2x.png in Resources */,
				AA7D7F932143586100E0D843 /* 我的经纪人电话小图标@2x.png in Resources */,
				AA7D7FCB2143586100E0D843 /* 共党详情已拒单@2x.png in Resources */,
				AA7D7FBC2143586100E0D843 /* 客服电话@3x.png in Resources */,
				16B6DEA2213987CF00CF8C8D /* 2.png in Resources */,
				AA7D7FCC2143586100E0D843 /* 我的页经纪人@2x.png in Resources */,
				AA7D7FB62143586100E0D843 /* 首页工单审核@2x.png in Resources */,
				AA7D7F9A2143586100E0D843 /* 客服电话@2x.png in Resources */,
				AA7D7FA32143586100E0D843 /* 工单详情对勾@2x.png in Resources */,
				AA7D7F812143586100E0D843 /* 暂无数据_03@2x.png in Resources */,
				AA7D7F922143586100E0D843 /* 首页选择城市@3x.png in Resources */,
				AA7D7FC42143586100E0D843 /* 返回按钮@2x.png in Resources */,
				AA7D7FAD2143586100E0D843 /* 启动页logo@2x.png in Resources */,
				AA7D7F7D2143586100E0D843 /* 首页通知@2x.png in Resources */,
				AA7D7F912143586100E0D843 /* 启动页右下@2x.png in Resources */,
				AA7D7FAA2143586100E0D843 /* 返回按钮@3x.png in Resources */,
				AA7D7F7F2143586100E0D843 /* 首页车抵贷@2x.png in Resources */,
				16EDD325213C086100E21AB2 /* bg.jpg in Resources */,
				AA7D7FC72143586100E0D843 /* 首页信贷@3x.png in Resources */,
				AA7D7FA92143586100E0D843 /* 启动页logo@3x.png in Resources */,
				AA7D7FC12143586100E0D843 /* 工单详情拒单@3x.png in Resources */,
				16C4E19C21381BFD004268C4 /* Assets.xcassets in Resources */,
				AA7D7F7C2143586100E0D843 /* 共党详情已拒单@3x.png in Resources */,
				AA7D7FB12143586100E0D843 /* 进入@3x.png in Resources */,
				AA7D7F8C2143586100E0D843 /* 订单进程搜索中的下拉箭头@2x.png in Resources */,
				AA7D7F972143586100E0D843 /* 邀请码头像@2x.png in Resources */,
				16FFC51C21397FDD008BCABC /* 1.png in Resources */,
				AA7D7FB42143586100E0D843 /* 我的页客户经理@3x.png in Resources */,
				AA7D7F9F2143586100E0D843 /* 添加证件@3x.png in Resources */,
				AA7D7FC82143586100E0D843 /* 我的页设置@3x.png in Resources */,
				AA7D7FAB2143586100E0D843 /* 我的页邀请码@3x.png in Resources */,
				AA7D7F982143586100E0D843 /* 首页还款计算器@2x.png in Resources */,
				AA7D7F9D2143586100E0D843 /* 邀请码微信@3x.png in Resources */,
				AA7D7FA42143586100E0D843 /* 启动页地球@2x.png in Resources */,
				AA7D7FC62143586100E0D843 /* 报单删除上传图片@2x.png in Resources */,
				AA7D7F7A2143586100E0D843 /* 首页选择城市@2x.png in Resources */,
				AA7D7F802143586100E0D843 /* 邀请码朋友圈@2x.png in Resources */,
				AA7D7F8A2143586100E0D843 /* 工单审核（渠道权限）经纪人@2x.png in Resources */,
				AAD24F79213AE0B000298386 /* hk_timeline_image_loading.png in Resources */,
				AA7D7F892143586100E0D843 /* 启动页左下@2x.png in Resources */,
				AA7D7F822143586100E0D843 /* 我的页背景@3x.png in Resources */,
				16EDD324213C086100E21AB2 /* qr.png in Resources */,
				AA7D7FA62143586100E0D843 /* 启动页右下@3x.png in Resources */,
				AA7D7F792143586100E0D843 /* 底部导航我的未选中@3x.png in Resources */,
				AA7D7F9C2143586100E0D843 /* 首页底部导航未选中@3x.png in Resources */,
				AA7D7FB02143586100E0D843 /* 首页底部导航未选中@2x.png in Resources */,
				AA7D7F9E2143586100E0D843 /* 邀请码微信@2x.png in Resources */,
				AA7D7FD62143586100E0D843 /* 通知删除@3x.png in Resources */,
				AA7D7FB72143586100E0D843 /* 底部导航首页选中@3x.png in Resources */,
				AA7D7FB82143586100E0D843 /* 我的经纪人电话小图标@3x.png in Resources */,
				16EDD327213C086100E21AB2 /* back.png in Resources */,
				AA7D7F842143586100E0D843 /* 我的页客户经理@2x.png in Resources */,
				AA7D7F9B2143586100E0D843 /* 底部导航我的选中@2x.png in Resources */,
				AA7D7F882143586100E0D843 /* 订单管理我的订单@2x.png in Resources */,
				AA7D7FD42143586100E0D843 /* 工单详情已放款@2x.png in Resources */,
				AA7D7F952143586100E0D843 /* 暂无网络@2x.png in Resources */,
				AA7D7FD52143586100E0D843 /* 底部导航我的未选中@2x.png in Resources */,
				AA7D7F772143586100E0D843 /* 订单管理我的订单@3x.png in Resources */,
				AA7D7FBF2143586100E0D843 /* 我的经纪人拨打电话@2x.png in Resources */,
				AA7D7F8B2143586100E0D843 /* 底部导航我的选中@3x.png in Resources */,
				AA7D7F8D2143586100E0D843 /* 工单详情查看审查报告@3x.png in Resources */,
				AA7D7FA52143586100E0D843 /* 首页还款计算器@3x.png in Resources */,
				AA7D7FC32143586100E0D843 /* 首页工单审核@3x.png in Resources */,
				AA7D7F962143586100E0D843 /* 添加证件@2x.png in Resources */,
				16EDD2C8213AD9EC00E21AB2 /* 5.png in Resources */,
				AA7D7F832143586100E0D843 /* 工单详情查看审查报告@2x.png in Resources */,
				AA7D7FAF2143586100E0D843 /* 工单详情对勾@3x.png in Resources */,
				AA7D7FD02143586100E0D843 /* 进入@2x.png in Resources */,
				AA7D7F862143586100E0D843 /* 首页通知@3x.png in Resources */,
				AA7D7FCE2143586100E0D843 /* 我的页背景@2x.png in Resources */,
				AA7D7F782143586100E0D843 /* 首页工单管理@2x.png in Resources */,
				AA7D7F852143586100E0D843 /* 启动页左上@2x.png in Resources */,
				AA7D7FA72143586100E0D843 /* 我的页邀请码@2x.png in Resources */,
				AA7D7FA82143586100E0D843 /* 启动页右上@2x.png in Resources */,
				AA7D7FC02143586100E0D843 /* 工单详情已放款@3x.png in Resources */,
				AA7D7FC92143586100E0D843 /* 首页车抵贷@3x.png in Resources */,
				AA7D7F992143586100E0D843 /* 我的经纪人拨打电话@3x.png in Resources */,
				AA7D7FC22143586100E0D843 /* 注册页对勾@3x.png in Resources */,
				AA7D7F872143586100E0D843 /* 暂无网络@3x.png in Resources */,
				16EDD2C6213AD9E800E21AB2 /* 4.png in Resources */,
				AA7D7FB32143586100E0D843 /* 首页工单管理@3x.png in Resources */,
				AA7D7F7E2143586100E0D843 /* 启动页左下@3x.png in Resources */,
				AA7D7F8E2143586100E0D843 /* 首页信贷@2x.png in Resources */,
			);
			runOnlyForDeploymentPostprocessing = 0;
		};
		16C4E1A521381BFD004268C4 /* Resources */ = {
			isa = PBXResourcesBuildPhase;
			buildActionMask = 2147483647;
			files = (
			);
			runOnlyForDeploymentPostprocessing = 0;
		};
		16C4E1B021381BFD004268C4 /* Resources */ = {
			isa = PBXResourcesBuildPhase;
			buildActionMask = 2147483647;
			files = (
			);
			runOnlyForDeploymentPostprocessing = 0;
		};
/* End PBXResourcesBuildPhase section */

/* Begin PBXShellScriptBuildPhase section */
		5D71077061FA6A08C66F8953 /* [CP] Check Pods Manifest.lock */ = {
			isa = PBXShellScriptBuildPhase;
			buildActionMask = 2147483647;
			files = (
			);
			inputPaths = (
				"${PODS_PODFILE_DIR_PATH}/Podfile.lock",
				"${PODS_ROOT}/Manifest.lock",
			);
			name = "[CP] Check Pods Manifest.lock";
			outputPaths = (
				"$(DERIVED_FILE_DIR)/Pods-HuiJinDai-checkManifestLockResult.txt",
			);
			runOnlyForDeploymentPostprocessing = 0;
			shellPath = /bin/sh;
			shellScript = "diff \"${PODS_PODFILE_DIR_PATH}/Podfile.lock\" \"${PODS_ROOT}/Manifest.lock\" > /dev/null\nif [ $? != 0 ] ; then\n    # print error to STDERR\n    echo \"error: The sandbox is not in sync with the Podfile.lock. Run 'pod install' or update your CocoaPods installation.\" >&2\n    exit 1\nfi\n# This output is used by Xcode 'outputs' to avoid re-running this script phase.\necho \"SUCCESS\" > \"${SCRIPT_OUTPUT_FILE_0}\"\n";
			showEnvVarsInLog = 0;
		};
		62DD6F03884045F66E81E6FF /* [CP] Copy Pods Resources */ = {
			isa = PBXShellScriptBuildPhase;
			buildActionMask = 2147483647;
			files = (
			);
			inputPaths = (
				"${SRCROOT}/Pods/Target Support Files/Pods-HuiJinDai/Pods-HuiJinDai-resources.sh",
				"${PODS_ROOT}/MJRefresh/MJRefresh/MJRefresh.bundle",
			);
			name = "[CP] Copy Pods Resources";
			outputPaths = (
				"${TARGET_BUILD_DIR}/${UNLOCALIZED_RESOURCES_FOLDER_PATH}/MJRefresh.bundle",
			);
			runOnlyForDeploymentPostprocessing = 0;
			shellPath = /bin/sh;
			shellScript = "\"${SRCROOT}/Pods/Target Support Files/Pods-HuiJinDai/Pods-HuiJinDai-resources.sh\"\n";
			showEnvVarsInLog = 0;
		};
/* End PBXShellScriptBuildPhase section */

/* Begin PBXSourcesBuildPhase section */
		16C4E18B21381BFC004268C4 /* Sources */ = {
			isa = PBXSourcesBuildPhase;
			buildActionMask = 2147483647;
			files = (
				16EDD31F213C074A00E21AB2 /* HJDMyAgentModel.m in Sources */,
				16EDD30A213C06DC00E21AB2 /* HJDMySettingViewController.m in Sources */,
				AAD24F77213ADE3200298386 /* UIAlertController+Blocks.m in Sources */,
				16EDD309213C06DC00E21AB2 /* HJDMyAgentViewController.m in Sources */,
				16EDD333213C323700E21AB2 /* HJDOrderCollectionViewCell.m in Sources */,
				16EDD32A213C176000E21AB2 /* HJDHomeOrderListTableViewCell.m in Sources */,
				162904D42140181300AC151D /* HJDHomeOrderManageViewController.m in Sources */,
				AAD24F6421394B3800298386 /* HKScrollView.m in Sources */,
				16EDD2BF213AC4A000E21AB2 /* HJDLoginViewController.m in Sources */,
				AA7D7FE4214358AA00E0D843 /* HJDHomeTableViewCell.m in Sources */,
				16FFC51621397373008BCABC /* HJDRegisterManger.m in Sources */,
				16EDD30C213C06DC00E21AB2 /* HJDMyCustomerManagerViewController.m in Sources */,
				AAD24F6D21394D8400298386 /* HJDBaseViewController.m in Sources */,
				16FFC519213973A2008BCABC /* HJDRegisterModel.m in Sources */,
				1690803C213EC04400AA2575 /* HJDHomeManager.m in Sources */,
				16EDD330213C318100E21AB2 /* HJDOrderAuditViewController.m in Sources */,
				AAD24F7021394EA900298386 /* UITableView+HJD.m in Sources */,
				16EDD317213C06E600E21AB2 /* HJDMySearchFieldView.m in Sources */,
				AA7D7FEA214398E200E0D843 /* NSObject+HMCore.m in Sources */,
				AA7D7FDE2143589300E0D843 /* HJDHomeModel.m in Sources */,
				AA7D7FE3214358AA00E0D843 /* HJDButton.m in Sources */,
				16C4E1D8213826D0004268C4 /* HJDTextFieldView.m in Sources */,
				AAD24F6721394BA200298386 /* HJDHomeViewController.m in Sources */,
				16B6DEA5213988BB00CF8C8D /* HJDCityPickerView.m in Sources */,
				16EDD31B213C06EF00E21AB2 /* HJDMyManager.m in Sources */,
				16EDD32D213C2E8900E21AB2 /* HJDHomeOrderListViewController.m in Sources */,
				16908038213EBFD900AA2575 /* HJDOrderListModel.m in Sources */,
				16EDD318213C06E600E21AB2 /* HJDMyAgentTableViewCell.m in Sources */,
				16C4E1D52138255B004268C4 /* HJDRegisterViewController.m in Sources */,
				169C07842141744900E9CDD0 /* HJDMyInviteCodeView.m in Sources */,
				16C4E1A221381BFD004268C4 /* main.m in Sources */,
				16C4E19421381BFC004268C4 /* AppDelegate.m in Sources */,
				16EDD316213C06E600E21AB2 /* HJDMyTableViewCell.m in Sources */,
				AA7D7FE9214398E200E0D843 /* UIView+HMCore.m in Sources */,
				1690803F213EC64300AA2575 /* HJDHomeSegmentView.m in Sources */,
				16EDD2C4213AD7EC00E21AB2 /* HJDMyViewController.m in Sources */,
				16C4F34C2140019100C3F76B /* HJDHomeOrderListSearchView.m in Sources */,
			);
			runOnlyForDeploymentPostprocessing = 0;
		};
		16C4E1A321381BFD004268C4 /* Sources */ = {
			isa = PBXSourcesBuildPhase;
			buildActionMask = 2147483647;
			files = (
				16C4E1AC21381BFD004268C4 /* HuiJinDaiTests.m in Sources */,
			);
			runOnlyForDeploymentPostprocessing = 0;
		};
		16C4E1AE21381BFD004268C4 /* Sources */ = {
			isa = PBXSourcesBuildPhase;
			buildActionMask = 2147483647;
			files = (
				16C4E1B721381BFE004268C4 /* HuiJinDaiUITests.m in Sources */,
			);
			runOnlyForDeploymentPostprocessing = 0;
		};
/* End PBXSourcesBuildPhase section */

/* Begin PBXTargetDependency section */
		16C4E1A921381BFD004268C4 /* PBXTargetDependency */ = {
			isa = PBXTargetDependency;
			target = 16C4E18E21381BFC004268C4 /* HuiJinDai */;
			targetProxy = 16C4E1A821381BFD004268C4 /* PBXContainerItemProxy */;
		};
		16C4E1B421381BFD004268C4 /* PBXTargetDependency */ = {
			isa = PBXTargetDependency;
			target = 16C4E18E21381BFC004268C4 /* HuiJinDai */;
			targetProxy = 16C4E1B321381BFD004268C4 /* PBXContainerItemProxy */;
		};
/* End PBXTargetDependency section */

/* Begin XCBuildConfiguration section */
		16C4E1B921381BFE004268C4 /* Debug */ = {
			isa = XCBuildConfiguration;
			buildSettings = {
				ALWAYS_SEARCH_USER_PATHS = NO;
				CLANG_ANALYZER_NONNULL = YES;
				CLANG_ANALYZER_NUMBER_OBJECT_CONVERSION = YES_AGGRESSIVE;
				CLANG_CXX_LANGUAGE_STANDARD = "gnu++14";
				CLANG_CXX_LIBRARY = "libc++";
				CLANG_ENABLE_MODULES = YES;
				CLANG_ENABLE_OBJC_ARC = YES;
				CLANG_ENABLE_OBJC_WEAK = YES;
				CLANG_WARN_BLOCK_CAPTURE_AUTORELEASING = YES;
				CLANG_WARN_BOOL_CONVERSION = YES;
				CLANG_WARN_COMMA = YES;
				CLANG_WARN_CONSTANT_CONVERSION = YES;
				CLANG_WARN_DEPRECATED_OBJC_IMPLEMENTATIONS = YES;
				CLANG_WARN_DIRECT_OBJC_ISA_USAGE = YES_ERROR;
				CLANG_WARN_DOCUMENTATION_COMMENTS = YES;
				CLANG_WARN_EMPTY_BODY = YES;
				CLANG_WARN_ENUM_CONVERSION = YES;
				CLANG_WARN_INFINITE_RECURSION = YES;
				CLANG_WARN_INT_CONVERSION = YES;
				CLANG_WARN_NON_LITERAL_NULL_CONVERSION = YES;
				CLANG_WARN_OBJC_IMPLICIT_RETAIN_SELF = YES;
				CLANG_WARN_OBJC_LITERAL_CONVERSION = YES;
				CLANG_WARN_OBJC_ROOT_CLASS = YES_ERROR;
				CLANG_WARN_RANGE_LOOP_ANALYSIS = YES;
				CLANG_WARN_STRICT_PROTOTYPES = YES;
				CLANG_WARN_SUSPICIOUS_MOVE = YES;
				CLANG_WARN_UNGUARDED_AVAILABILITY = YES_AGGRESSIVE;
				CLANG_WARN_UNREACHABLE_CODE = YES;
				CLANG_WARN__DUPLICATE_METHOD_MATCH = YES;
				CODE_SIGN_IDENTITY = "iPhone Developer";
				COPY_PHASE_STRIP = NO;
				DEBUG_INFORMATION_FORMAT = dwarf;
				ENABLE_STRICT_OBJC_MSGSEND = YES;
				ENABLE_TESTABILITY = YES;
				GCC_C_LANGUAGE_STANDARD = gnu11;
				GCC_DYNAMIC_NO_PIC = NO;
				GCC_NO_COMMON_BLOCKS = YES;
				GCC_OPTIMIZATION_LEVEL = 0;
				GCC_PREPROCESSOR_DEFINITIONS = (
					"DEBUG=1",
					"$(inherited)",
				);
				GCC_WARN_64_TO_32_BIT_CONVERSION = YES;
				GCC_WARN_ABOUT_RETURN_TYPE = YES_ERROR;
				GCC_WARN_UNDECLARED_SELECTOR = YES;
				GCC_WARN_UNINITIALIZED_AUTOS = YES_AGGRESSIVE;
				GCC_WARN_UNUSED_FUNCTION = YES;
				GCC_WARN_UNUSED_VARIABLE = YES;
				IPHONEOS_DEPLOYMENT_TARGET = 11.4;
				MTL_ENABLE_DEBUG_INFO = YES;
				ONLY_ACTIVE_ARCH = YES;
				SDKROOT = iphoneos;
			};
			name = Debug;
		};
		16C4E1BA21381BFE004268C4 /* Release */ = {
			isa = XCBuildConfiguration;
			buildSettings = {
				ALWAYS_SEARCH_USER_PATHS = NO;
				CLANG_ANALYZER_NONNULL = YES;
				CLANG_ANALYZER_NUMBER_OBJECT_CONVERSION = YES_AGGRESSIVE;
				CLANG_CXX_LANGUAGE_STANDARD = "gnu++14";
				CLANG_CXX_LIBRARY = "libc++";
				CLANG_ENABLE_MODULES = YES;
				CLANG_ENABLE_OBJC_ARC = YES;
				CLANG_ENABLE_OBJC_WEAK = YES;
				CLANG_WARN_BLOCK_CAPTURE_AUTORELEASING = YES;
				CLANG_WARN_BOOL_CONVERSION = YES;
				CLANG_WARN_COMMA = YES;
				CLANG_WARN_CONSTANT_CONVERSION = YES;
				CLANG_WARN_DEPRECATED_OBJC_IMPLEMENTATIONS = YES;
				CLANG_WARN_DIRECT_OBJC_ISA_USAGE = YES_ERROR;
				CLANG_WARN_DOCUMENTATION_COMMENTS = YES;
				CLANG_WARN_EMPTY_BODY = YES;
				CLANG_WARN_ENUM_CONVERSION = YES;
				CLANG_WARN_INFINITE_RECURSION = YES;
				CLANG_WARN_INT_CONVERSION = YES;
				CLANG_WARN_NON_LITERAL_NULL_CONVERSION = YES;
				CLANG_WARN_OBJC_IMPLICIT_RETAIN_SELF = YES;
				CLANG_WARN_OBJC_LITERAL_CONVERSION = YES;
				CLANG_WARN_OBJC_ROOT_CLASS = YES_ERROR;
				CLANG_WARN_RANGE_LOOP_ANALYSIS = YES;
				CLANG_WARN_STRICT_PROTOTYPES = YES;
				CLANG_WARN_SUSPICIOUS_MOVE = YES;
				CLANG_WARN_UNGUARDED_AVAILABILITY = YES_AGGRESSIVE;
				CLANG_WARN_UNREACHABLE_CODE = YES;
				CLANG_WARN__DUPLICATE_METHOD_MATCH = YES;
				CODE_SIGN_IDENTITY = "iPhone Developer";
				COPY_PHASE_STRIP = NO;
				DEBUG_INFORMATION_FORMAT = "dwarf-with-dsym";
				ENABLE_NS_ASSERTIONS = NO;
				ENABLE_STRICT_OBJC_MSGSEND = YES;
				GCC_C_LANGUAGE_STANDARD = gnu11;
				GCC_NO_COMMON_BLOCKS = YES;
				GCC_WARN_64_TO_32_BIT_CONVERSION = YES;
				GCC_WARN_ABOUT_RETURN_TYPE = YES_ERROR;
				GCC_WARN_UNDECLARED_SELECTOR = YES;
				GCC_WARN_UNINITIALIZED_AUTOS = YES_AGGRESSIVE;
				GCC_WARN_UNUSED_FUNCTION = YES;
				GCC_WARN_UNUSED_VARIABLE = YES;
				IPHONEOS_DEPLOYMENT_TARGET = 11.4;
				MTL_ENABLE_DEBUG_INFO = NO;
				SDKROOT = iphoneos;
				VALIDATE_PRODUCT = YES;
			};
			name = Release;
		};
		16C4E1BC21381BFE004268C4 /* Debug */ = {
			isa = XCBuildConfiguration;
			baseConfigurationReference = 3934C1A1D46330E827334147 /* Pods-HuiJinDai.debug.xcconfig */;
			buildSettings = {
				ASSETCATALOG_COMPILER_APPICON_NAME = AppIcon;
				ASSETCATALOG_COMPILER_LAUNCHIMAGE_NAME = LaunchImage;
				CODE_SIGN_STYLE = Automatic;
				GCC_PRECOMPILE_PREFIX_HEADER = YES;
				GCC_PREFIX_HEADER = "$(SRCROOT)/HuiJinDai/PrefixHeader.pch";
				INFOPLIST_FILE = HuiJinDai/Info.plist;
				LD_RUNPATH_SEARCH_PATHS = (
					"$(inherited)",
					"@executable_path/Frameworks",
				);
				PRODUCT_BUNDLE_IDENTIFIER = HJD.HuiJinDai;
				PRODUCT_NAME = "$(TARGET_NAME)";
				TARGETED_DEVICE_FAMILY = "1,2";
			};
			name = Debug;
		};
		16C4E1BD21381BFE004268C4 /* Release */ = {
			isa = XCBuildConfiguration;
			baseConfigurationReference = 716329259416E7FBB66B2DF9 /* Pods-HuiJinDai.release.xcconfig */;
			buildSettings = {
				ASSETCATALOG_COMPILER_APPICON_NAME = AppIcon;
				ASSETCATALOG_COMPILER_LAUNCHIMAGE_NAME = LaunchImage;
				CODE_SIGN_STYLE = Automatic;
				GCC_PRECOMPILE_PREFIX_HEADER = YES;
				GCC_PREFIX_HEADER = "$(SRCROOT)/HuiJinDai/PrefixHeader.pch";
				INFOPLIST_FILE = HuiJinDai/Info.plist;
				LD_RUNPATH_SEARCH_PATHS = (
					"$(inherited)",
					"@executable_path/Frameworks",
				);
				PRODUCT_BUNDLE_IDENTIFIER = HJD.HuiJinDai;
				PRODUCT_NAME = "$(TARGET_NAME)";
				TARGETED_DEVICE_FAMILY = "1,2";
			};
			name = Release;
		};
		16C4E1BF21381BFE004268C4 /* Debug */ = {
			isa = XCBuildConfiguration;
			buildSettings = {
				BUNDLE_LOADER = "$(TEST_HOST)";
				CODE_SIGN_STYLE = Automatic;
				INFOPLIST_FILE = HuiJinDaiTests/Info.plist;
				LD_RUNPATH_SEARCH_PATHS = (
					"$(inherited)",
					"@executable_path/Frameworks",
					"@loader_path/Frameworks",
				);
				PRODUCT_BUNDLE_IDENTIFIER = HJD.HuiJinDaiTests;
				PRODUCT_NAME = "$(TARGET_NAME)";
				TARGETED_DEVICE_FAMILY = "1,2";
				TEST_HOST = "$(BUILT_PRODUCTS_DIR)/HuiJinDai.app/HuiJinDai";
			};
			name = Debug;
		};
		16C4E1C021381BFE004268C4 /* Release */ = {
			isa = XCBuildConfiguration;
			buildSettings = {
				BUNDLE_LOADER = "$(TEST_HOST)";
				CODE_SIGN_STYLE = Automatic;
				INFOPLIST_FILE = HuiJinDaiTests/Info.plist;
				LD_RUNPATH_SEARCH_PATHS = (
					"$(inherited)",
					"@executable_path/Frameworks",
					"@loader_path/Frameworks",
				);
				PRODUCT_BUNDLE_IDENTIFIER = HJD.HuiJinDaiTests;
				PRODUCT_NAME = "$(TARGET_NAME)";
				TARGETED_DEVICE_FAMILY = "1,2";
				TEST_HOST = "$(BUILT_PRODUCTS_DIR)/HuiJinDai.app/HuiJinDai";
			};
			name = Release;
		};
		16C4E1C221381BFE004268C4 /* Debug */ = {
			isa = XCBuildConfiguration;
			buildSettings = {
				CODE_SIGN_STYLE = Automatic;
				INFOPLIST_FILE = HuiJinDaiUITests/Info.plist;
				LD_RUNPATH_SEARCH_PATHS = (
					"$(inherited)",
					"@executable_path/Frameworks",
					"@loader_path/Frameworks",
				);
				PRODUCT_BUNDLE_IDENTIFIER = HJD.HuiJinDaiUITests;
				PRODUCT_NAME = "$(TARGET_NAME)";
				TARGETED_DEVICE_FAMILY = "1,2";
				TEST_TARGET_NAME = HuiJinDai;
			};
			name = Debug;
		};
		16C4E1C321381BFE004268C4 /* Release */ = {
			isa = XCBuildConfiguration;
			buildSettings = {
				CODE_SIGN_STYLE = Automatic;
				INFOPLIST_FILE = HuiJinDaiUITests/Info.plist;
				LD_RUNPATH_SEARCH_PATHS = (
					"$(inherited)",
					"@executable_path/Frameworks",
					"@loader_path/Frameworks",
				);
				PRODUCT_BUNDLE_IDENTIFIER = HJD.HuiJinDaiUITests;
				PRODUCT_NAME = "$(TARGET_NAME)";
				TARGETED_DEVICE_FAMILY = "1,2";
				TEST_TARGET_NAME = HuiJinDai;
			};
			name = Release;
		};
/* End XCBuildConfiguration section */

/* Begin XCConfigurationList section */
		16C4E18A21381BFC004268C4 /* Build configuration list for PBXProject "HuiJinDai" */ = {
			isa = XCConfigurationList;
			buildConfigurations = (
				16C4E1B921381BFE004268C4 /* Debug */,
				16C4E1BA21381BFE004268C4 /* Release */,
			);
			defaultConfigurationIsVisible = 0;
			defaultConfigurationName = Release;
		};
		16C4E1BB21381BFE004268C4 /* Build configuration list for PBXNativeTarget "HuiJinDai" */ = {
			isa = XCConfigurationList;
			buildConfigurations = (
				16C4E1BC21381BFE004268C4 /* Debug */,
				16C4E1BD21381BFE004268C4 /* Release */,
			);
			defaultConfigurationIsVisible = 0;
			defaultConfigurationName = Release;
		};
		16C4E1BE21381BFE004268C4 /* Build configuration list for PBXNativeTarget "HuiJinDaiTests" */ = {
			isa = XCConfigurationList;
			buildConfigurations = (
				16C4E1BF21381BFE004268C4 /* Debug */,
				16C4E1C021381BFE004268C4 /* Release */,
			);
			defaultConfigurationIsVisible = 0;
			defaultConfigurationName = Release;
		};
		16C4E1C121381BFE004268C4 /* Build configuration list for PBXNativeTarget "HuiJinDaiUITests" */ = {
			isa = XCConfigurationList;
			buildConfigurations = (
				16C4E1C221381BFE004268C4 /* Debug */,
				16C4E1C321381BFE004268C4 /* Release */,
			);
			defaultConfigurationIsVisible = 0;
			defaultConfigurationName = Release;
		};
/* End XCConfigurationList section */
	};
	rootObject = 16C4E18721381BFC004268C4 /* Project object */;
}
